PODS:
  - CSV.swift (1.1.2)
  - RxCocoa (3.2.0):
    - RxSwift (~> 3.1)
  - RxSwift (3.2.0)
  - SnapKit (3.2.0)

DEPENDENCIES:
  - CSV.swift
  - RxCocoa
  - SnapKit (~> 3.2.0)

SPEC CHECKSUMS:
  CSV.swift: 0aad3b06980034c8fa296456b708ac9128ebbdf9
  RxCocoa: ccdf43101a70407097a29082f648ba1676075b30
  RxSwift: 46574f70d416b7923c237195939cc488a7fbf3a0
  SnapKit: 1ca44df72cfa543218d177cb8aab029d10d86ea7

PODFILE CHECKSUM: 7c6a2eaa7a476efcbbc8a7c1cc15d680370f308f

COCOAPODS: 1.2.0
