PODS:
  - Alamofire (4.8.1)
  - Crashlytics (3.12.0):
    - Fabric (~> 1.9.0)
  - CSV.swift (2.3.1)
  - Eureka (4.3.1)
  - Fabric (1.9.0)
  - Firebase/Core (5.18.0):
    - Firebase/CoreOnly
    - FirebaseAnalytics (= 5.7.0)
  - Firebase/CoreOnly (5.18.0):
    - FirebaseCore (= 5.3.1)
  - Firebase/Crash (5.18.0):
    - Firebase/Core
    - FirebaseCrash (= 3.1.1)
  - Firebase/Messaging (5.18.0):
    - Firebase/CoreOnly
    - FirebaseMessaging (= 3.3.2)
  - FirebaseAnalytics (5.7.0):
    - FirebaseCore (~> 5.3)
    - FirebaseInstanceID (~> 3.6)
    - GoogleAppMeasurement (= 5.7.0)
    - GoogleUtilities/AppDelegateSwizzler (~> 5.2)
    - GoogleUtilities/MethodSwizzler (~> 5.2)
    - GoogleUtilities/Network (~> 5.2)
    - "GoogleUtilities/NSData+zlib (~> 5.2)"
    - nanopb (~> 0.3)
  - FirebaseAnalyticsInterop (1.2.0)
  - FirebaseCore (5.3.1):
    - GoogleUtilities/Logger (~> 5.2)
  - FirebaseCrash (3.1.1):
    - FirebaseAnalytics (~> 5.1)
    - FirebaseInstanceID (~> 3.2)
    - GoogleToolboxForMac/Logger (~> 2.1)
    - "GoogleToolboxForMac/NSData+zlib (~> 2.1)"
    - Protobuf (~> 3.5)
  - FirebaseInstanceID (3.7.0):
    - FirebaseCore (~> 5.2)
    - GoogleUtilities/Environment (~> 5.2)
    - GoogleUtilities/UserDefaults (~> 5.2)
  - FirebaseMessaging (3.3.2):
    - FirebaseAnalyticsInterop (~> 1.1)
    - FirebaseCore (~> 5.2)
    - FirebaseInstanceID (~> 3.6)
    - GoogleUtilities/Environment (~> 5.3)
    - GoogleUtilities/Reachability (~> 5.3)
    - GoogleUtilities/UserDefaults (~> 5.3)
    - Protobuf (~> 3.1)
  - GoogleAppMeasurement (5.7.0):
    - GoogleUtilities/AppDelegateSwizzler (~> 5.2)
    - GoogleUtilities/MethodSwizzler (~> 5.2)
    - GoogleUtilities/Network (~> 5.2)
    - "GoogleUtilities/NSData+zlib (~> 5.2)"
    - nanopb (~> 0.3)
  - GoogleMaps (3.0.3):
    - GoogleMaps/Maps (= 3.0.3)
  - GoogleMaps/Base (3.0.3)
  - GoogleMaps/Maps (3.0.3):
    - GoogleMaps/Base
  - GoogleToolboxForMac/Defines (2.2.0)
  - GoogleToolboxForMac/Logger (2.2.0):
    - GoogleToolboxForMac/Defines (= 2.2.0)
  - "GoogleToolboxForMac/NSData+zlib (2.2.0)":
    - GoogleToolboxForMac/Defines (= 2.2.0)
  - GoogleUtilities/AppDelegateSwizzler (5.5.0):
    - GoogleUtilities/Environment
    - GoogleUtilities/Logger
    - GoogleUtilities/Network
  - GoogleUtilities/Environment (5.5.0)
  - GoogleUtilities/Logger (5.5.0):
    - GoogleUtilities/Environment
  - GoogleUtilities/MethodSwizzler (5.5.0):
    - GoogleUtilities/Logger
  - GoogleUtilities/Network (5.5.0):
    - GoogleUtilities/Logger
    - "GoogleUtilities/NSData+zlib"
    - GoogleUtilities/Reachability
  - "GoogleUtilities/NSData+zlib (5.5.0)"
  - GoogleUtilities/Reachability (5.5.0):
    - GoogleUtilities/Logger
  - GoogleUtilities/UserDefaults (5.5.0):
    - GoogleUtilities/Logger
  - Moya (12.0.1):
    - Moya/Core (= 12.0.1)
  - Moya-ObjectMapper (2.8):
    - Moya-ObjectMapper/Core (= 2.8)
  - Moya-ObjectMapper/Core (2.8):
    - Moya (~> 12.0)
    - ObjectMapper (~> 3.4)
  - Moya/Core (12.0.1):
    - Alamofire (~> 4.1)
    - Result (~> 4.0)
  - nanopb (0.3.901):
    - nanopb/decode (= 0.3.901)
    - nanopb/encode (= 0.3.901)
  - nanopb/decode (0.3.901)
  - nanopb/encode (0.3.901)
  - ObjectMapper (3.4.2)
  - "ObjectMapper+Realm (0.6)":
    - ObjectMapper
    - RealmSwift
  - Protobuf (3.7.0)
  - ReachabilitySwift (4.3.0)
  - Realm (3.13.1):
    - Realm/Headers (= 3.13.1)
  - Realm/Headers (3.13.1)
  - RealmSwift (3.13.1):
    - Realm (= 3.13.1)
  - Result (4.1.0)
  - RxAtomic (4.4.2)
  - RxCocoa (4.4.2):
    - RxSwift (>= 4.4.2, ~> 4.4)
  - RxReachability (0.1.8):
    - ReachabilitySwift (~> 4.3.0)
    - RxCocoa (~> 4)
    - RxSwift (~> 4)
  - RxSwift (4.4.2):
    - RxAtomic (>= 4.4.2, ~> 4.4)
  - SKPhotoBrowser (6.0.0)
  - SnapKit (4.2.0)

DEPENDENCIES:
  - Crashlytics
  - CSV.swift
  - Eureka
  - Fabric
  - Firebase/Core
  - Firebase/Crash
  - Firebase/Messaging
  - GoogleMaps
  - Moya
  - Moya-ObjectMapper
  - "ObjectMapper+Realm"
  - ReachabilitySwift
  - RealmSwift
  - RxCocoa
  - RxReachability
  - RxSwift
  - SKPhotoBrowser
  - SnapKit

SPEC REPOS:
  https://github.com/cocoapods/specs.git:
    - Alamofire
    - Crashlytics
    - CSV.swift
    - Eureka
    - Fabric
    - Firebase
    - FirebaseAnalytics
    - FirebaseAnalyticsInterop
    - FirebaseCore
    - FirebaseCrash
    - FirebaseInstanceID
    - FirebaseMessaging
    - GoogleAppMeasurement
    - GoogleMaps
    - GoogleToolboxForMac
    - GoogleUtilities
    - Moya
    - Moya-ObjectMapper
    - nanopb
    - ObjectMapper
    - "ObjectMapper+Realm"
    - Protobuf
    - ReachabilitySwift
    - Realm
    - RealmSwift
    - Result
    - RxAtomic
    - RxCocoa
    - RxReachability
    - RxSwift
    - SKPhotoBrowser
    - SnapKit

SPEC CHECKSUMS:
  Alamofire: 16ce2c353fb72865124ddae8a57c5942388f4f11
  Crashlytics: 07fb167b1694128c1c9a5a5cc319b0e9c3ca0933
  CSV.swift: d16f671b3090a2c0525d5f2165b18319074aae2b
  Eureka: 28ea296f06710f6745266b71f17862048941a32d
  Fabric: f988e33c97f08930a413e08123064d2e5f68d655
  Firebase: 02f3281965c075426141a0ce1277e9de6649cab9
  FirebaseAnalytics: 23851fe602c872130a2c5c55040b302120346cc2
  FirebaseAnalyticsInterop: efbe45c8385ec626e29f9525e5ebd38520dfb6c1
  FirebaseCore: 52f851b30e11360f1e67cf04b1edfebf0a47a2d3
  FirebaseCrash: 011365f2c0dfac64315109103ed350bacfcdc03f
  FirebaseInstanceID: bd6fc5a258884e206fd5c474ebe4f5b00e21770e
  FirebaseMessaging: d740150547f7686b33799f6489f5b69a4706631b
  GoogleAppMeasurement: 6cf307834da065863f9faf4c0de0a936d81dd832
  GoogleMaps: fd5c9fa58871781b9fb94d4936f19c69fe60ce32
  GoogleToolboxForMac: ff31605b7d66400dcec09bed5861689aebadda4d
  GoogleUtilities: 6481e6318c5fcabaaa8513ef8120f329055d7c10
  Moya: cf730b3cd9e005401ef37a85143aa141a12fd38f
  Moya-ObjectMapper: c514b5eafcfd5e260f85f7a5bf66895a217e2b37
  nanopb: 2901f78ea1b7b4015c860c2fdd1ea2fee1a18d48
  ObjectMapper: 0d4402610f4e468903ae64629eec4784531e5c51
  "ObjectMapper+Realm": 4cf44ed3202a73f08594e21e13eb3f8aa9b5a664
  Protobuf: 7a877b7f3e5964e3fce995e2eb323dbc6831bb5a
  ReachabilitySwift: 408477d1b6ed9779dba301953171e017c31241f3
  Realm: 50071da38fe079e0735e47c9f2eae738c68c5996
  RealmSwift: 8a1e6a02b7a08cd17a31e3115143fb69fe5f3fb9
  Result: bd966fac789cc6c1563440b348ab2598cc24d5c7
  RxAtomic: d00e97c10db88c6f08540e0bf2752fc5a2404167
  RxCocoa: 477990dc3b4c3ff55fb0ac77e1cc06244e0aaec8
  RxReachability: 053f2d913db44998242ade488ccaef558f3ce7cb
  RxSwift: 74c29b693c8e42b0f64400e8b06564575742d649
  SKPhotoBrowser: 76eb862685761707b5745fde7762757966565e07
  SnapKit: fe8a619752f3f27075cc9a90244d75c6c3f27e2a

PODFILE CHECKSUM: 9c8476e356c04be21d9cfa2de457c626cb3e1314

COCOAPODS: 1.6.0
