// !$*UTF8*$!
{
	archiveVersion = 1;
	classes = {
	};
	objectVersion = 51;
	objects = {

/* Begin PBXBuildFile section */
		101FD5F8224B833900D6504D /* CreateLocationRequest.swift in Sources */ = {isa = PBXBuildFile; fileRef = 101FD5F7224B833900D6504D /* CreateLocationRequest.swift */; };
		101FD5F9224B833900D6504D /* CreateLocationRequest.swift in Sources */ = {isa = PBXBuildFile; fileRef = 101FD5F7224B833900D6504D /* CreateLocationRequest.swift */; };
		10213BDB224C550700E4BE01 /* Data+Extension.swift in Sources */ = {isa = PBXBuildFile; fileRef = 10213BDA224C550700E4BE01 /* Data+Extension.swift */; };
		10213BE5224D07D800E4BE01 /* LocationImage.swift in Sources */ = {isa = PBXBuildFile; fileRef = 10213BE4224D07D800E4BE01 /* LocationImage.swift */; };
		10213BF3224FB84200E4BE01 /* TokenStorageProvider.swift in Sources */ = {isa = PBXBuildFile; fileRef = 10213BF2224FB84200E4BE01 /* TokenStorageProvider.swift */; };
		10213BF4224FB84200E4BE01 /* TokenStorageProvider.swift in Sources */ = {isa = PBXBuildFile; fileRef = 10213BF2224FB84200E4BE01 /* TokenStorageProvider.swift */; };
		106B4BE5223EF45500D80076 /* ApiService.swift in Sources */ = {isa = PBXBuildFile; fileRef = 106B4BE4223EF45500D80076 /* ApiService.swift */; };
		106B4BE8223EF84F00D80076 /* NetworkingError.swift in Sources */ = {isa = PBXBuildFile; fileRef = 106B4BE7223EF84F00D80076 /* NetworkingError.swift */; };
		106B4BEB223EF8DB00D80076 /* NetworkingDispatcherProtocol.swift in Sources */ = {isa = PBXBuildFile; fileRef = 106B4BEA223EF8DB00D80076 /* NetworkingDispatcherProtocol.swift */; };
		106B4BED223F07AB00D80076 /* AuthenticationServiceTests.swift in Sources */ = {isa = PBXBuildFile; fileRef = 106B4BEC223F07AB00D80076 /* AuthenticationServiceTests.swift */; };
		106B4BEE223F08D600D80076 /* NetworkingError.swift in Sources */ = {isa = PBXBuildFile; fileRef = 106B4BE7223EF84F00D80076 /* NetworkingError.swift */; };
		106B4BEF223F08DB00D80076 /* ApiService.swift in Sources */ = {isa = PBXBuildFile; fileRef = 106B4BE4223EF45500D80076 /* ApiService.swift */; };
		106B4BF0223F08EE00D80076 /* NetworkingRequest.swift in Sources */ = {isa = PBXBuildFile; fileRef = 10A593C5223EEDA500235565 /* NetworkingRequest.swift */; };
		10A5938A223EDE3A00235565 /* Networking.framework in Frameworks */ = {isa = PBXBuildFile; fileRef = 10A59380223EDE3900235565 /* Networking.framework */; };
		10A5938F223EDE3A00235565 /* NetworkingDispatcherTests.swift in Sources */ = {isa = PBXBuildFile; fileRef = 10A5938E223EDE3A00235565 /* NetworkingDispatcherTests.swift */; };
		10A59391223EDE3A00235565 /* Networking.h in Headers */ = {isa = PBXBuildFile; fileRef = 10A59383223EDE3900235565 /* Networking.h */; settings = {ATTRIBUTES = (Public, ); }; };
		10A593B5223EDFFB00235565 /* NetworkingDispatcher.swift in Sources */ = {isa = PBXBuildFile; fileRef = 10A593B4223EDFFB00235565 /* NetworkingDispatcher.swift */; };
		10A593B6223EDFFB00235565 /* NetworkingDispatcher.swift in Sources */ = {isa = PBXBuildFile; fileRef = 10A593B4223EDFFB00235565 /* NetworkingDispatcher.swift */; };
		10A593B9223EE04F00235565 /* Bundle+Extension.swift in Sources */ = {isa = PBXBuildFile; fileRef = 10A593B8223EE04F00235565 /* Bundle+Extension.swift */; };
		10A593BA223EE04F00235565 /* Bundle+Extension.swift in Sources */ = {isa = PBXBuildFile; fileRef = 10A593B8223EE04F00235565 /* Bundle+Extension.swift */; };
		10A593BD223EE0EF00235565 /* Logger.swift in Sources */ = {isa = PBXBuildFile; fileRef = 10A593BC223EE0EF00235565 /* Logger.swift */; };
		10A593BE223EE0EF00235565 /* Logger.swift in Sources */ = {isa = PBXBuildFile; fileRef = 10A593BC223EE0EF00235565 /* Logger.swift */; };
		10A593C6223EEDA500235565 /* NetworkingRequest.swift in Sources */ = {isa = PBXBuildFile; fileRef = 10A593C5223EEDA500235565 /* NetworkingRequest.swift */; };
		10B8672822401CF80007E409 /* User.swift in Sources */ = {isa = PBXBuildFile; fileRef = 10B8672722401CF80007E409 /* User.swift */; };
		10B8672922401CF80007E409 /* User.swift in Sources */ = {isa = PBXBuildFile; fileRef = 10B8672722401CF80007E409 /* User.swift */; };
		10B8672B22401DB70007E409 /* Team.swift in Sources */ = {isa = PBXBuildFile; fileRef = 10B8672A22401DB70007E409 /* Team.swift */; };
		10B8672C22401DB70007E409 /* Team.swift in Sources */ = {isa = PBXBuildFile; fileRef = 10B8672A22401DB70007E409 /* Team.swift */; };
		10B8672E22401DCB0007E409 /* LocationRecord.swift in Sources */ = {isa = PBXBuildFile; fileRef = 10B8672D22401DCB0007E409 /* LocationRecord.swift */; };
		10B8672F22401DCB0007E409 /* LocationRecord.swift in Sources */ = {isa = PBXBuildFile; fileRef = 10B8672D22401DCB0007E409 /* LocationRecord.swift */; };
		10B86731224020500007E409 /* HttpStatus.swift in Sources */ = {isa = PBXBuildFile; fileRef = 10B86730224020500007E409 /* HttpStatus.swift */; };
		10B86732224020500007E409 /* HttpStatus.swift in Sources */ = {isa = PBXBuildFile; fileRef = 10B86730224020500007E409 /* HttpStatus.swift */; };
		10B86739224035B40007E409 /* ApiServiceType.swift in Sources */ = {isa = PBXBuildFile; fileRef = 10B86738224035B40007E409 /* ApiServiceType.swift */; };
		10B8673A224035B40007E409 /* ApiServiceType.swift in Sources */ = {isa = PBXBuildFile; fileRef = 10B86738224035B40007E409 /* ApiServiceType.swift */; };
		7B6D7B32452BDFCA383B9916 /* Pods_NetworkingTests.framework in Frameworks */ = {isa = PBXBuildFile; fileRef = 585EE6C7F3B394B4A7D10EE0 /* Pods_NetworkingTests.framework */; };
		89092858B75D776C5D277AB6 /* Pods_Networking.framework in Frameworks */ = {isa = PBXBuildFile; fileRef = 3B9F1A002E5C0A9B321EF67C /* Pods_Networking.framework */; };
/* End PBXBuildFile section */

/* Begin PBXContainerItemProxy section */
		10A5938B223EDE3A00235565 /* PBXContainerItemProxy */ = {
			isa = PBXContainerItemProxy;
			containerPortal = 10A59377223EDE3900235565 /* Project object */;
			proxyType = 1;
			remoteGlobalIDString = 10A5937F223EDE3900235565;
			remoteInfo = Networking;
		};
/* End PBXContainerItemProxy section */

/* Begin PBXFileReference section */
		101FD5F7224B833900D6504D /* CreateLocationRequest.swift */ = {isa = PBXFileReference; lastKnownFileType = sourcecode.swift; path = CreateLocationRequest.swift; sourceTree = "<group>"; };
		10213BDA224C550700E4BE01 /* Data+Extension.swift */ = {isa = PBXFileReference; lastKnownFileType = sourcecode.swift; path = "Data+Extension.swift"; sourceTree = "<group>"; };
		10213BE4224D07D800E4BE01 /* LocationImage.swift */ = {isa = PBXFileReference; lastKnownFileType = sourcecode.swift; path = LocationImage.swift; sourceTree = "<group>"; };
		10213BF2224FB84200E4BE01 /* TokenStorageProvider.swift */ = {isa = PBXFileReference; lastKnownFileType = sourcecode.swift; path = TokenStorageProvider.swift; sourceTree = "<group>"; };
		106B4BE4223EF45500D80076 /* ApiService.swift */ = {isa = PBXFileReference; lastKnownFileType = sourcecode.swift; path = ApiService.swift; sourceTree = "<group>"; };
		106B4BE7223EF84F00D80076 /* NetworkingError.swift */ = {isa = PBXFileReference; lastKnownFileType = sourcecode.swift; path = NetworkingError.swift; sourceTree = "<group>"; };
		106B4BEA223EF8DB00D80076 /* NetworkingDispatcherProtocol.swift */ = {isa = PBXFileReference; lastKnownFileType = sourcecode.swift; path = NetworkingDispatcherProtocol.swift; sourceTree = "<group>"; };
		106B4BEC223F07AB00D80076 /* AuthenticationServiceTests.swift */ = {isa = PBXFileReference; lastKnownFileType = sourcecode.swift; path = AuthenticationServiceTests.swift; sourceTree = "<group>"; };
		10A59380223EDE3900235565 /* Networking.framework */ = {isa = PBXFileReference; explicitFileType = wrapper.framework; includeInIndex = 0; path = Networking.framework; sourceTree = BUILT_PRODUCTS_DIR; };
		10A59383223EDE3900235565 /* Networking.h */ = {isa = PBXFileReference; lastKnownFileType = sourcecode.c.h; path = Networking.h; sourceTree = "<group>"; };
		10A59384223EDE3900235565 /* Info.plist */ = {isa = PBXFileReference; lastKnownFileType = text.plist.xml; path = Info.plist; sourceTree = "<group>"; };
		10A59389223EDE3A00235565 /* NetworkingTests.xctest */ = {isa = PBXFileReference; explicitFileType = wrapper.cfbundle; includeInIndex = 0; path = NetworkingTests.xctest; sourceTree = BUILT_PRODUCTS_DIR; };
		10A5938E223EDE3A00235565 /* NetworkingDispatcherTests.swift */ = {isa = PBXFileReference; lastKnownFileType = sourcecode.swift; path = NetworkingDispatcherTests.swift; sourceTree = "<group>"; };
		10A59390223EDE3A00235565 /* Info.plist */ = {isa = PBXFileReference; lastKnownFileType = text.plist.xml; path = Info.plist; sourceTree = "<group>"; };
		10A593A9223EDE8500235565 /* Debug.xcconfig */ = {isa = PBXFileReference; lastKnownFileType = text.xcconfig; path = Debug.xcconfig; sourceTree = "<group>"; };
		10A593AA223EDE9900235565 /* Release.xcconfig */ = {isa = PBXFileReference; lastKnownFileType = text.xcconfig; path = Release.xcconfig; sourceTree = "<group>"; };
		10A593AD223EDEBB00235565 /* Debug-Tests.xcconfig */ = {isa = PBXFileReference; lastKnownFileType = text.xcconfig; path = "Debug-Tests.xcconfig"; sourceTree = "<group>"; };
		10A593AE223EDEF600235565 /* Release-Tests.xcconfig */ = {isa = PBXFileReference; lastKnownFileType = text.xcconfig; path = "Release-Tests.xcconfig"; sourceTree = "<group>"; };
		10A593B4223EDFFB00235565 /* NetworkingDispatcher.swift */ = {isa = PBXFileReference; lastKnownFileType = sourcecode.swift; path = NetworkingDispatcher.swift; sourceTree = "<group>"; };
		10A593B8223EE04F00235565 /* Bundle+Extension.swift */ = {isa = PBXFileReference; lastKnownFileType = sourcecode.swift; path = "Bundle+Extension.swift"; sourceTree = "<group>"; };
		10A593BC223EE0EF00235565 /* Logger.swift */ = {isa = PBXFileReference; lastKnownFileType = sourcecode.swift; path = Logger.swift; sourceTree = "<group>"; };
		10A593C5223EEDA500235565 /* NetworkingRequest.swift */ = {isa = PBXFileReference; lastKnownFileType = sourcecode.swift; path = NetworkingRequest.swift; sourceTree = "<group>"; };
		10B8672722401CF80007E409 /* User.swift */ = {isa = PBXFileReference; lastKnownFileType = sourcecode.swift; path = User.swift; sourceTree = "<group>"; };
		10B8672A22401DB70007E409 /* Team.swift */ = {isa = PBXFileReference; lastKnownFileType = sourcecode.swift; path = Team.swift; sourceTree = "<group>"; };
		10B8672D22401DCB0007E409 /* LocationRecord.swift */ = {isa = PBXFileReference; lastKnownFileType = sourcecode.swift; path = LocationRecord.swift; sourceTree = "<group>"; };
		10B86730224020500007E409 /* HttpStatus.swift */ = {isa = PBXFileReference; lastKnownFileType = sourcecode.swift; path = HttpStatus.swift; sourceTree = "<group>"; };
		10B86738224035B40007E409 /* ApiServiceType.swift */ = {isa = PBXFileReference; lastKnownFileType = sourcecode.swift; path = ApiServiceType.swift; sourceTree = "<group>"; };
		3B9F1A002E5C0A9B321EF67C /* Pods_Networking.framework */ = {isa = PBXFileReference; explicitFileType = wrapper.framework; includeInIndex = 0; path = Pods_Networking.framework; sourceTree = BUILT_PRODUCTS_DIR; };
		531121E1A366E596A25D1DEA /* Pods-NetworkingTests.debug.xcconfig */ = {isa = PBXFileReference; includeInIndex = 1; lastKnownFileType = text.xcconfig; name = "Pods-NetworkingTests.debug.xcconfig"; path = "Target Support Files/Pods-NetworkingTests/Pods-NetworkingTests.debug.xcconfig"; sourceTree = "<group>"; };
		585EE6C7F3B394B4A7D10EE0 /* Pods_NetworkingTests.framework */ = {isa = PBXFileReference; explicitFileType = wrapper.framework; includeInIndex = 0; path = Pods_NetworkingTests.framework; sourceTree = BUILT_PRODUCTS_DIR; };
		6D2F9F81E9229DDF0918C819 /* Pods-NetworkingTests.release.xcconfig */ = {isa = PBXFileReference; includeInIndex = 1; lastKnownFileType = text.xcconfig; name = "Pods-NetworkingTests.release.xcconfig"; path = "Target Support Files/Pods-NetworkingTests/Pods-NetworkingTests.release.xcconfig"; sourceTree = "<group>"; };
		986C302F85AEE4871D1E320B /* Pods-Networking.debug.xcconfig */ = {isa = PBXFileReference; includeInIndex = 1; lastKnownFileType = text.xcconfig; name = "Pods-Networking.debug.xcconfig"; path = "Target Support Files/Pods-Networking/Pods-Networking.debug.xcconfig"; sourceTree = "<group>"; };
		A20994554AF509809B47620B /* Pods-Networking.release.xcconfig */ = {isa = PBXFileReference; includeInIndex = 1; lastKnownFileType = text.xcconfig; name = "Pods-Networking.release.xcconfig"; path = "Target Support Files/Pods-Networking/Pods-Networking.release.xcconfig"; sourceTree = "<group>"; };
/* End PBXFileReference section */

/* Begin PBXFrameworksBuildPhase section */
		10A5937D223EDE3900235565 /* Frameworks */ = {
			isa = PBXFrameworksBuildPhase;
			buildActionMask = 2147483647;
			files = (
				89092858B75D776C5D277AB6 /* Pods_Networking.framework in Frameworks */,
			);
			runOnlyForDeploymentPostprocessing = 0;
		};
		10A59386223EDE3A00235565 /* Frameworks */ = {
			isa = PBXFrameworksBuildPhase;
			buildActionMask = 2147483647;
			files = (
				10A5938A223EDE3A00235565 /* Networking.framework in Frameworks */,
				7B6D7B32452BDFCA383B9916 /* Pods_NetworkingTests.framework in Frameworks */,
			);
			runOnlyForDeploymentPostprocessing = 0;
		};
/* End PBXFrameworksBuildPhase section */

/* Begin PBXGroup section */
		106B4BE3223EF42C00D80076 /* Services */ = {
			isa = PBXGroup;
			children = (
				106B4BE4223EF45500D80076 /* ApiService.swift */,
				10B86738224035B40007E409 /* ApiServiceType.swift */,
				10213BF2224FB84200E4BE01 /* TokenStorageProvider.swift */,
			);
			path = Services;
			sourceTree = "<group>";
		};
		106B4BE6223EF83B00D80076 /* Errors */ = {
			isa = PBXGroup;
			children = (
				106B4BE7223EF84F00D80076 /* NetworkingError.swift */,
			);
			path = Errors;
			sourceTree = "<group>";
		};
		10A59376223EDE3900235565 = {
			isa = PBXGroup;
			children = (
				10A59382223EDE3900235565 /* Networking */,
				10A5938D223EDE3A00235565 /* NetworkingTests */,
				10A59381223EDE3900235565 /* Products */,
				2769CBD9EC68270078D6A831 /* Pods */,
				A94CE55974F3B5FBE0E127BB /* Frameworks */,
			);
			sourceTree = "<group>";
		};
		10A59381223EDE3900235565 /* Products */ = {
			isa = PBXGroup;
			children = (
				10A59380223EDE3900235565 /* Networking.framework */,
				10A59389223EDE3A00235565 /* NetworkingTests.xctest */,
			);
			name = Products;
			sourceTree = "<group>";
		};
		10A59382223EDE3900235565 /* Networking */ = {
			isa = PBXGroup;
			children = (
				106B4BE6223EF83B00D80076 /* Errors */,
				106B4BE3223EF42C00D80076 /* Services */,
				10A593BF223EE4BA00235565 /* Models */,
				10A593BB223EE0E500235565 /* Utils */,
				10A593B7223EE01500235565 /* Extensions */,
				10A593A8223EDE6E00235565 /* Config */,
				10A59383223EDE3900235565 /* Networking.h */,
				10A59384223EDE3900235565 /* Info.plist */,
				10A593C5223EEDA500235565 /* NetworkingRequest.swift */,
				10A593B4223EDFFB00235565 /* NetworkingDispatcher.swift */,
				106B4BEA223EF8DB00D80076 /* NetworkingDispatcherProtocol.swift */,
			);
			path = Networking;
			sourceTree = "<group>";
		};
		10A5938D223EDE3A00235565 /* NetworkingTests */ = {
			isa = PBXGroup;
			children = (
				10A5938E223EDE3A00235565 /* NetworkingDispatcherTests.swift */,
				106B4BEC223F07AB00D80076 /* AuthenticationServiceTests.swift */,
				10A59390223EDE3A00235565 /* Info.plist */,
			);
			path = NetworkingTests;
			sourceTree = "<group>";
		};
		10A593A8223EDE6E00235565 /* Config */ = {
			isa = PBXGroup;
			children = (
				10A593A9223EDE8500235565 /* Debug.xcconfig */,
				10A593AA223EDE9900235565 /* Release.xcconfig */,
				10A593AD223EDEBB00235565 /* Debug-Tests.xcconfig */,
				10A593AE223EDEF600235565 /* Release-Tests.xcconfig */,
			);
			path = Config;
			sourceTree = "<group>";
		};
		10A593B7223EE01500235565 /* Extensions */ = {
			isa = PBXGroup;
			children = (
				10A593B8223EE04F00235565 /* Bundle+Extension.swift */,
				10213BDA224C550700E4BE01 /* Data+Extension.swift */,
			);
			path = Extensions;
			sourceTree = "<group>";
		};
		10A593BB223EE0E500235565 /* Utils */ = {
			isa = PBXGroup;
			children = (
				10A593BC223EE0EF00235565 /* Logger.swift */,
				10B86730224020500007E409 /* HttpStatus.swift */,
			);
			path = Utils;
			sourceTree = "<group>";
		};
		10A593BF223EE4BA00235565 /* Models */ = {
			isa = PBXGroup;
			children = (
				10B8672722401CF80007E409 /* User.swift */,
				10B8672A22401DB70007E409 /* Team.swift */,
				10B8672D22401DCB0007E409 /* LocationRecord.swift */,
				101FD5F7224B833900D6504D /* CreateLocationRequest.swift */,
				10213BE4224D07D800E4BE01 /* LocationImage.swift */,
			);
			path = Models;
			sourceTree = "<group>";
		};
		2769CBD9EC68270078D6A831 /* Pods */ = {
			isa = PBXGroup;
			children = (
				531121E1A366E596A25D1DEA /* Pods-NetworkingTests.debug.xcconfig */,
				6D2F9F81E9229DDF0918C819 /* Pods-NetworkingTests.release.xcconfig */,
				986C302F85AEE4871D1E320B /* Pods-Networking.debug.xcconfig */,
				A20994554AF509809B47620B /* Pods-Networking.release.xcconfig */,
			);
			name = Pods;
			path = ../Pods;
			sourceTree = "<group>";
		};
		A94CE55974F3B5FBE0E127BB /* Frameworks */ = {
			isa = PBXGroup;
			children = (
				585EE6C7F3B394B4A7D10EE0 /* Pods_NetworkingTests.framework */,
				3B9F1A002E5C0A9B321EF67C /* Pods_Networking.framework */,
			);
			name = Frameworks;
			sourceTree = "<group>";
		};
/* End PBXGroup section */

/* Begin PBXHeadersBuildPhase section */
		10A5937B223EDE3900235565 /* Headers */ = {
			isa = PBXHeadersBuildPhase;
			buildActionMask = 2147483647;
			files = (
				10A59391223EDE3A00235565 /* Networking.h in Headers */,
			);
			runOnlyForDeploymentPostprocessing = 0;
		};
/* End PBXHeadersBuildPhase section */

/* Begin PBXNativeTarget section */
		10A5937F223EDE3900235565 /* Networking */ = {
			isa = PBXNativeTarget;
			buildConfigurationList = 10A59394223EDE3A00235565 /* Build configuration list for PBXNativeTarget "Networking" */;
			buildPhases = (
				E2907F8DAF8B77D8719104DD /* [CP] Check Pods Manifest.lock */,
				10A5937B223EDE3900235565 /* Headers */,
				10A5937C223EDE3900235565 /* Sources */,
				10A5937D223EDE3900235565 /* Frameworks */,
				10A5937E223EDE3900235565 /* Resources */,
			);
			buildRules = (
			);
			dependencies = (
			);
			name = Networking;
			productName = Networking;
			productReference = 10A59380223EDE3900235565 /* Networking.framework */;
			productType = "com.apple.product-type.framework";
		};
		10A59388223EDE3A00235565 /* NetworkingTests */ = {
			isa = PBXNativeTarget;
			buildConfigurationList = 10A59397223EDE3A00235565 /* Build configuration list for PBXNativeTarget "NetworkingTests" */;
			buildPhases = (
				0858A49B2B7FE4FBDA053E83 /* [CP] Check Pods Manifest.lock */,
				10A59385223EDE3A00235565 /* Sources */,
				10A59386223EDE3A00235565 /* Frameworks */,
				10A59387223EDE3A00235565 /* Resources */,
				AD05250DC8972BFF45DE37EE /* [CP] Embed Pods Frameworks */,
			);
			buildRules = (
			);
			dependencies = (
				10A5938C223EDE3A00235565 /* PBXTargetDependency */,
			);
			name = NetworkingTests;
			productName = NetworkingTests;
			productReference = 10A59389223EDE3A00235565 /* NetworkingTests.xctest */;
			productType = "com.apple.product-type.bundle.unit-test";
		};
/* End PBXNativeTarget section */

/* Begin PBXProject section */
		10A59377223EDE3900235565 /* Project object */ = {
			isa = PBXProject;
			attributes = {
				LastSwiftUpdateCheck = 1010;
				LastUpgradeCheck = 1010;
				ORGANIZATIONNAME = Torianin;
				TargetAttributes = {
					10A5937F223EDE3900235565 = {
						CreatedOnToolsVersion = 10.1;
						LastSwiftMigration = 1010;
					};
					10A59388223EDE3A00235565 = {
						CreatedOnToolsVersion = 10.1;
					};
				};
			};
			buildConfigurationList = 10A5937A223EDE3900235565 /* Build configuration list for PBXProject "Networking" */;
			compatibilityVersion = "Xcode 9.3";
			developmentRegion = en;
			hasScannedForEncodings = 0;
			knownRegions = (
				en,
				Base,
			);
			mainGroup = 10A59376223EDE3900235565;
			productRefGroup = 10A59381223EDE3900235565 /* Products */;
			projectDirPath = "";
			projectRoot = "";
			targets = (
				10A5937F223EDE3900235565 /* Networking */,
				10A59388223EDE3A00235565 /* NetworkingTests */,
			);
		};
/* End PBXProject section */

/* Begin PBXResourcesBuildPhase section */
		10A5937E223EDE3900235565 /* Resources */ = {
			isa = PBXResourcesBuildPhase;
			buildActionMask = 2147483647;
			files = (
			);
			runOnlyForDeploymentPostprocessing = 0;
		};
		10A59387223EDE3A00235565 /* Resources */ = {
			isa = PBXResourcesBuildPhase;
			buildActionMask = 2147483647;
			files = (
			);
			runOnlyForDeploymentPostprocessing = 0;
		};
/* End PBXResourcesBuildPhase section */

/* Begin PBXShellScriptBuildPhase section */
		0858A49B2B7FE4FBDA053E83 /* [CP] Check Pods Manifest.lock */ = {
			isa = PBXShellScriptBuildPhase;
			buildActionMask = 2147483647;
			files = (
			);
			inputFileListPaths = (
			);
			inputPaths = (
				"${PODS_PODFILE_DIR_PATH}/Podfile.lock",
				"${PODS_ROOT}/Manifest.lock",
			);
			name = "[CP] Check Pods Manifest.lock";
			outputFileListPaths = (
			);
			outputPaths = (
				"$(DERIVED_FILE_DIR)/Pods-NetworkingTests-checkManifestLockResult.txt",
			);
			runOnlyForDeploymentPostprocessing = 0;
			shellPath = /bin/sh;
			shellScript = "diff \"${PODS_PODFILE_DIR_PATH}/Podfile.lock\" \"${PODS_ROOT}/Manifest.lock\" > /dev/null\nif [ $? != 0 ] ; then\n    # print error to STDERR\n    echo \"error: The sandbox is not in sync with the Podfile.lock. Run 'pod install' or update your CocoaPods installation.\" >&2\n    exit 1\nfi\n# This output is used by Xcode 'outputs' to avoid re-running this script phase.\necho \"SUCCESS\" > \"${SCRIPT_OUTPUT_FILE_0}\"\n";
			showEnvVarsInLog = 0;
		};
		AD05250DC8972BFF45DE37EE /* [CP] Embed Pods Frameworks */ = {
			isa = PBXShellScriptBuildPhase;
			buildActionMask = 2147483647;
			files = (
			);
			inputFileListPaths = (
				"${PODS_ROOT}/Target Support Files/Pods-NetworkingTests/Pods-NetworkingTests-frameworks-${CONFIGURATION}-input-files.xcfilelist",
			);
			name = "[CP] Embed Pods Frameworks";
			outputFileListPaths = (
				"${PODS_ROOT}/Target Support Files/Pods-NetworkingTests/Pods-NetworkingTests-frameworks-${CONFIGURATION}-output-files.xcfilelist",
			);
			runOnlyForDeploymentPostprocessing = 0;
			shellPath = /bin/sh;
			shellScript = "\"${PODS_ROOT}/Target Support Files/Pods-NetworkingTests/Pods-NetworkingTests-frameworks.sh\"\n";
			showEnvVarsInLog = 0;
		};
		E2907F8DAF8B77D8719104DD /* [CP] Check Pods Manifest.lock */ = {
			isa = PBXShellScriptBuildPhase;
			buildActionMask = 2147483647;
			files = (
			);
			inputFileListPaths = (
			);
			inputPaths = (
				"${PODS_PODFILE_DIR_PATH}/Podfile.lock",
				"${PODS_ROOT}/Manifest.lock",
			);
			name = "[CP] Check Pods Manifest.lock";
			outputFileListPaths = (
			);
			outputPaths = (
				"$(DERIVED_FILE_DIR)/Pods-Networking-checkManifestLockResult.txt",
			);
			runOnlyForDeploymentPostprocessing = 0;
			shellPath = /bin/sh;
			shellScript = "diff \"${PODS_PODFILE_DIR_PATH}/Podfile.lock\" \"${PODS_ROOT}/Manifest.lock\" > /dev/null\nif [ $? != 0 ] ; then\n    # print error to STDERR\n    echo \"error: The sandbox is not in sync with the Podfile.lock. Run 'pod install' or update your CocoaPods installation.\" >&2\n    exit 1\nfi\n# This output is used by Xcode 'outputs' to avoid re-running this script phase.\necho \"SUCCESS\" > \"${SCRIPT_OUTPUT_FILE_0}\"\n";
			showEnvVarsInLog = 0;
		};
/* End PBXShellScriptBuildPhase section */

/* Begin PBXSourcesBuildPhase section */
		10A5937C223EDE3900235565 /* Sources */ = {
			isa = PBXSourcesBuildPhase;
			buildActionMask = 2147483647;
			files = (
				10B86731224020500007E409 /* HttpStatus.swift in Sources */,
				10213BDB224C550700E4BE01 /* Data+Extension.swift in Sources */,
				101FD5F8224B833900D6504D /* CreateLocationRequest.swift in Sources */,
				10B8672E22401DCB0007E409 /* LocationRecord.swift in Sources */,
				10B8672B22401DB70007E409 /* Team.swift in Sources */,
				10A593B5223EDFFB00235565 /* NetworkingDispatcher.swift in Sources */,
				10213BF3224FB84200E4BE01 /* TokenStorageProvider.swift in Sources */,
				10A593BD223EE0EF00235565 /* Logger.swift in Sources */,
				10B86739224035B40007E409 /* ApiServiceType.swift in Sources */,
				10213BE5224D07D800E4BE01 /* LocationImage.swift in Sources */,
				106B4BE8223EF84F00D80076 /* NetworkingError.swift in Sources */,
				10A593B9223EE04F00235565 /* Bundle+Extension.swift in Sources */,
				10B8672822401CF80007E409 /* User.swift in Sources */,
				106B4BE5223EF45500D80076 /* ApiService.swift in Sources */,
				10A593C6223EEDA500235565 /* NetworkingRequest.swift in Sources */,
				106B4BEB223EF8DB00D80076 /* NetworkingDispatcherProtocol.swift in Sources */,
			);
			runOnlyForDeploymentPostprocessing = 0;
		};
		10A59385223EDE3A00235565 /* Sources */ = {
			isa = PBXSourcesBuildPhase;
			buildActionMask = 2147483647;
			files = (
				10A593B6223EDFFB00235565 /* NetworkingDispatcher.swift in Sources */,
				10A593BA223EE04F00235565 /* Bundle+Extension.swift in Sources */,
				10213BF4224FB84200E4BE01 /* TokenStorageProvider.swift in Sources */,
				10A5938F223EDE3A00235565 /* NetworkingDispatcherTests.swift in Sources */,
				10B8673A224035B40007E409 /* ApiServiceType.swift in Sources */,
				106B4BF0223F08EE00D80076 /* NetworkingRequest.swift in Sources */,
				106B4BED223F07AB00D80076 /* AuthenticationServiceTests.swift in Sources */,
				101FD5F9224B833900D6504D /* CreateLocationRequest.swift in Sources */,
				10B8672922401CF80007E409 /* User.swift in Sources */,
				106B4BEE223F08D600D80076 /* NetworkingError.swift in Sources */,
				10A593BE223EE0EF00235565 /* Logger.swift in Sources */,
				10B8672C22401DB70007E409 /* Team.swift in Sources */,
				10B8672F22401DCB0007E409 /* LocationRecord.swift in Sources */,
				106B4BEF223F08DB00D80076 /* ApiService.swift in Sources */,
				10B86732224020500007E409 /* HttpStatus.swift in Sources */,
			);
			runOnlyForDeploymentPostprocessing = 0;
		};
/* End PBXSourcesBuildPhase section */

/* Begin PBXTargetDependency section */
		10A5938C223EDE3A00235565 /* PBXTargetDependency */ = {
			isa = PBXTargetDependency;
			target = 10A5937F223EDE3900235565 /* Networking */;
			targetProxy = 10A5938B223EDE3A00235565 /* PBXContainerItemProxy */;
		};
/* End PBXTargetDependency section */

/* Begin XCBuildConfiguration section */
		10A59392223EDE3A00235565 /* Debug */ = {
			isa = XCBuildConfiguration;
			buildSettings = {
				ALWAYS_SEARCH_USER_PATHS = NO;
				CLANG_ANALYZER_NONNULL = YES;
				CLANG_ANALYZER_NUMBER_OBJECT_CONVERSION = YES_AGGRESSIVE;
				CLANG_CXX_LANGUAGE_STANDARD = "gnu++14";
				CLANG_CXX_LIBRARY = "libc++";
				CLANG_ENABLE_MODULES = YES;
				CLANG_ENABLE_OBJC_ARC = YES;
				CLANG_ENABLE_OBJC_WEAK = YES;
				CLANG_WARN_BLOCK_CAPTURE_AUTORELEASING = YES;
				CLANG_WARN_BOOL_CONVERSION = YES;
				CLANG_WARN_COMMA = YES;
				CLANG_WARN_CONSTANT_CONVERSION = YES;
				CLANG_WARN_DEPRECATED_OBJC_IMPLEMENTATIONS = YES;
				CLANG_WARN_DIRECT_OBJC_ISA_USAGE = YES_ERROR;
				CLANG_WARN_DOCUMENTATION_COMMENTS = YES;
				CLANG_WARN_EMPTY_BODY = YES;
				CLANG_WARN_ENUM_CONVERSION = YES;
				CLANG_WARN_INFINITE_RECURSION = YES;
				CLANG_WARN_INT_CONVERSION = YES;
				CLANG_WARN_NON_LITERAL_NULL_CONVERSION = YES;
				CLANG_WARN_OBJC_IMPLICIT_RETAIN_SELF = YES;
				CLANG_WARN_OBJC_LITERAL_CONVERSION = YES;
				CLANG_WARN_OBJC_ROOT_CLASS = YES_ERROR;
				CLANG_WARN_RANGE_LOOP_ANALYSIS = YES;
				CLANG_WARN_STRICT_PROTOTYPES = YES;
				CLANG_WARN_SUSPICIOUS_MOVE = YES;
				CLANG_WARN_UNGUARDED_AVAILABILITY = YES_AGGRESSIVE;
				CLANG_WARN_UNREACHABLE_CODE = YES;
				CLANG_WARN__DUPLICATE_METHOD_MATCH = YES;
				CODE_SIGN_IDENTITY = "iPhone Developer";
				COPY_PHASE_STRIP = NO;
				CURRENT_PROJECT_VERSION = 10;
				DEBUG_INFORMATION_FORMAT = dwarf;
				ENABLE_STRICT_OBJC_MSGSEND = YES;
				ENABLE_TESTABILITY = YES;
				GCC_C_LANGUAGE_STANDARD = gnu11;
				GCC_DYNAMIC_NO_PIC = NO;
				GCC_NO_COMMON_BLOCKS = YES;
				GCC_OPTIMIZATION_LEVEL = 0;
				GCC_PREPROCESSOR_DEFINITIONS = (
					"DEBUG=1",
					"$(inherited)",
				);
				GCC_WARN_64_TO_32_BIT_CONVERSION = YES;
				GCC_WARN_ABOUT_RETURN_TYPE = YES_ERROR;
				GCC_WARN_UNDECLARED_SELECTOR = YES;
				GCC_WARN_UNINITIALIZED_AUTOS = YES_AGGRESSIVE;
				GCC_WARN_UNUSED_FUNCTION = YES;
				GCC_WARN_UNUSED_VARIABLE = YES;
				IPHONEOS_DEPLOYMENT_TARGET = 10.0;
				MTL_ENABLE_DEBUG_INFO = INCLUDE_SOURCE;
				MTL_FAST_MATH = YES;
				ONLY_ACTIVE_ARCH = YES;
				SDKROOT = iphoneos;
				SWIFT_ACTIVE_COMPILATION_CONDITIONS = DEBUG;
				SWIFT_OPTIMIZATION_LEVEL = "-Onone";
				SWIFT_VERSION = 5.0;
			};
			name = Debug;
		};
		10A59393223EDE3A00235565 /* Release */ = {
			isa = XCBuildConfiguration;
			buildSettings = {
				ALWAYS_SEARCH_USER_PATHS = NO;
				CLANG_ANALYZER_NONNULL = YES;
				CLANG_ANALYZER_NUMBER_OBJECT_CONVERSION = YES_AGGRESSIVE;
				CLANG_CXX_LANGUAGE_STANDARD = "gnu++14";
				CLANG_CXX_LIBRARY = "libc++";
				CLANG_ENABLE_MODULES = YES;
				CLANG_ENABLE_OBJC_ARC = YES;
				CLANG_ENABLE_OBJC_WEAK = YES;
				CLANG_WARN_BLOCK_CAPTURE_AUTORELEASING = YES;
				CLANG_WARN_BOOL_CONVERSION = YES;
				CLANG_WARN_COMMA = YES;
				CLANG_WARN_CONSTANT_CONVERSION = YES;
				CLANG_WARN_DEPRECATED_OBJC_IMPLEMENTATIONS = YES;
				CLANG_WARN_DIRECT_OBJC_ISA_USAGE = YES_ERROR;
				CLANG_WARN_DOCUMENTATION_COMMENTS = YES;
				CLANG_WARN_EMPTY_BODY = YES;
				CLANG_WARN_ENUM_CONVERSION = YES;
				CLANG_WARN_INFINITE_RECURSION = YES;
				CLANG_WARN_INT_CONVERSION = YES;
				CLANG_WARN_NON_LITERAL_NULL_CONVERSION = YES;
				CLANG_WARN_OBJC_IMPLICIT_RETAIN_SELF = YES;
				CLANG_WARN_OBJC_LITERAL_CONVERSION = YES;
				CLANG_WARN_OBJC_ROOT_CLASS = YES_ERROR;
				CLANG_WARN_RANGE_LOOP_ANALYSIS = YES;
				CLANG_WARN_STRICT_PROTOTYPES = YES;
				CLANG_WARN_SUSPICIOUS_MOVE = YES;
				CLANG_WARN_UNGUARDED_AVAILABILITY = YES_AGGRESSIVE;
				CLANG_WARN_UNREACHABLE_CODE = YES;
				CLANG_WARN__DUPLICATE_METHOD_MATCH = YES;
				CODE_SIGN_IDENTITY = "iPhone Developer";
				COPY_PHASE_STRIP = NO;
				CURRENT_PROJECT_VERSION = 10;
				DEBUG_INFORMATION_FORMAT = "dwarf-with-dsym";
				ENABLE_NS_ASSERTIONS = NO;
				ENABLE_STRICT_OBJC_MSGSEND = YES;
				GCC_C_LANGUAGE_STANDARD = gnu11;
				GCC_NO_COMMON_BLOCKS = YES;
				GCC_WARN_64_TO_32_BIT_CONVERSION = YES;
				GCC_WARN_ABOUT_RETURN_TYPE = YES_ERROR;
				GCC_WARN_UNDECLARED_SELECTOR = YES;
				GCC_WARN_UNINITIALIZED_AUTOS = YES_AGGRESSIVE;
				GCC_WARN_UNUSED_FUNCTION = YES;
				GCC_WARN_UNUSED_VARIABLE = YES;
				IPHONEOS_DEPLOYMENT_TARGET = 10.0;
				MTL_ENABLE_DEBUG_INFO = NO;
				MTL_FAST_MATH = YES;
				SDKROOT = iphoneos;
				SWIFT_COMPILATION_MODE = wholemodule;
				SWIFT_OPTIMIZATION_LEVEL = "-O";
				SWIFT_VERSION = 5.0;
				VALIDATE_PRODUCT = YES;
			};
			name = Release;
		};
		10A59395223EDE3A00235565 /* Debug */ = {
			isa = XCBuildConfiguration;
			baseConfigurationReference = 10A593A9223EDE8500235565 /* Debug.xcconfig */;
			buildSettings = {
				CLANG_ENABLE_MODULES = YES;
				CODE_SIGN_IDENTITY = "";
				CODE_SIGN_STYLE = Automatic;
				CURRENT_PROJECT_VERSION = 1;
				DEFINES_MODULE = YES;
				DEVELOPMENT_TEAM = J2Z8R285AC;
				DYLIB_COMPATIBILITY_VERSION = 1;
				DYLIB_CURRENT_VERSION = 1;
				DYLIB_INSTALL_NAME_BASE = "@rpath";
				INFOPLIST_FILE = Networking/Info.plist;
				INSTALL_PATH = "$(LOCAL_LIBRARY_DIR)/Frameworks";
				LD_RUNPATH_SEARCH_PATHS = (
					"$(inherited)",
					"@executable_path/Frameworks",
					"@loader_path/Frameworks",
				);
				PRODUCT_BUNDLE_IDENTIFIER = RIgnasiak.Torianin.AutoStopRace.Networking;
				PRODUCT_NAME = "$(TARGET_NAME:c99extidentifier)";
				SKIP_INSTALL = YES;
				SWIFT_OPTIMIZATION_LEVEL = "-Onone";
				SWIFT_VERSION = 5.0;
				TARGETED_DEVICE_FAMILY = "1,2";
				VERSIONING_SYSTEM = "apple-generic";
			};
			name = Debug;
		};
		10A59396223EDE3A00235565 /* Release */ = {
			isa = XCBuildConfiguration;
			baseConfigurationReference = 10A593AA223EDE9900235565 /* Release.xcconfig */;
			buildSettings = {
				CLANG_ENABLE_MODULES = YES;
				CODE_SIGN_IDENTITY = "";
				CODE_SIGN_STYLE = Automatic;
				CURRENT_PROJECT_VERSION = 1;
				DEFINES_MODULE = YES;
				DEVELOPMENT_TEAM = J2Z8R285AC;
				DYLIB_COMPATIBILITY_VERSION = 1;
				DYLIB_CURRENT_VERSION = 1;
				DYLIB_INSTALL_NAME_BASE = "@rpath";
				INFOPLIST_FILE = Networking/Info.plist;
				INSTALL_PATH = "$(LOCAL_LIBRARY_DIR)/Frameworks";
				LD_RUNPATH_SEARCH_PATHS = (
					"$(inherited)",
					"@executable_path/Frameworks",
					"@loader_path/Frameworks",
				);
				PRODUCT_BUNDLE_IDENTIFIER = RIgnasiak.Torianin.AutoStopRace.Networking;
				PRODUCT_NAME = "$(TARGET_NAME:c99extidentifier)";
				SKIP_INSTALL = YES;
				SWIFT_VERSION = 5.0;
				TARGETED_DEVICE_FAMILY = "1,2";
				VERSIONING_SYSTEM = "apple-generic";
			};
			name = Release;
		};
		10A59398223EDE3A00235565 /* Debug */ = {
			isa = XCBuildConfiguration;
			baseConfigurationReference = 10A593AD223EDEBB00235565 /* Debug-Tests.xcconfig */;
			buildSettings = {
				CODE_SIGN_STYLE = Automatic;
				DEVELOPMENT_TEAM = J2Z8R285AC;
				INFOPLIST_FILE = NetworkingTests/Info.plist;
				LD_RUNPATH_SEARCH_PATHS = (
					"$(inherited)",
					"@executable_path/Frameworks",
					"@loader_path/Frameworks",
				);
				PRODUCT_BUNDLE_IDENTIFIER = RIgnasiak.Torianin.AutoStopRace.NetworkingTests;
				PRODUCT_NAME = "$(TARGET_NAME)";
				SWIFT_VERSION = 5.0;
				TARGETED_DEVICE_FAMILY = "1,2";
			};
			name = Debug;
		};
		10A59399223EDE3A00235565 /* Release */ = {
			isa = XCBuildConfiguration;
			baseConfigurationReference = 10A593AE223EDEF600235565 /* Release-Tests.xcconfig */;
			buildSettings = {
				CODE_SIGN_STYLE = Automatic;
				DEVELOPMENT_TEAM = J2Z8R285AC;
				INFOPLIST_FILE = NetworkingTests/Info.plist;
				LD_RUNPATH_SEARCH_PATHS = (
					"$(inherited)",
					"@executable_path/Frameworks",
					"@loader_path/Frameworks",
				);
				PRODUCT_BUNDLE_IDENTIFIER = RIgnasiak.Torianin.AutoStopRace.NetworkingTests;
				PRODUCT_NAME = "$(TARGET_NAME)";
				SWIFT_VERSION = 5.0;
				TARGETED_DEVICE_FAMILY = "1,2";
			};
			name = Release;
		};
/* End XCBuildConfiguration section */

/* Begin XCConfigurationList section */
		10A5937A223EDE3900235565 /* Build configuration list for PBXProject "Networking" */ = {
			isa = XCConfigurationList;
			buildConfigurations = (
				10A59392223EDE3A00235565 /* Debug */,
				10A59393223EDE3A00235565 /* Release */,
			);
			defaultConfigurationIsVisible = 0;
			defaultConfigurationName = Release;
		};
		10A59394223EDE3A00235565 /* Build configuration list for PBXNativeTarget "Networking" */ = {
			isa = XCConfigurationList;
			buildConfigurations = (
				10A59395223EDE3A00235565 /* Debug */,
				10A59396223EDE3A00235565 /* Release */,
			);
			defaultConfigurationIsVisible = 0;
			defaultConfigurationName = Release;
		};
		10A59397223EDE3A00235565 /* Build configuration list for PBXNativeTarget "NetworkingTests" */ = {
			isa = XCConfigurationList;
			buildConfigurations = (
				10A59398223EDE3A00235565 /* Debug */,
				10A59399223EDE3A00235565 /* Release */,
			);
			defaultConfigurationIsVisible = 0;
			defaultConfigurationName = Release;
		};
/* End XCConfigurationList section */
	};
	rootObject = 10A59377223EDE3900235565 /* Project object */;
}
