// !$*UTF8*$!
{
	archiveVersion = 1;
	classes = {
	};
	objectVersion = 46;
	objects = {

/* Begin PBXBuildFile section */
		107118DE20841E8400422C61 /* GoogleService-Info.plist in Resources */ = {isa = PBXBuildFile; fileRef = 107118DD20841E8300422C61 /* GoogleService-Info.plist */; };
		10732CF82084089A0024DE78 /* Partners.xcassets in Resources */ = {isa = PBXBuildFile; fileRef = 10732CF72084089A0024DE78 /* Partners.xcassets */; };
		10A378E1204B2FD800E0C536 /* Theme.swift in Sources */ = {isa = PBXBuildFile; fileRef = 10A378E0204B2FD800E0C536 /* Theme.swift */; };
		10A378E5204B4BF000E0C536 /* Theme+UIButton.swift in Sources */ = {isa = PBXBuildFile; fileRef = 10A378E4204B4BF000E0C536 /* Theme+UIButton.swift */; };
		10A378EE204B540E00E0C536 /* Assets.xcassets in Resources */ = {isa = PBXBuildFile; fileRef = 10A378EA204B540E00E0C536 /* Assets.xcassets */; };
		10A378F0204B541800E0C536 /* Localizable.strings in Resources */ = {isa = PBXBuildFile; fileRef = 10A378EF204B541800E0C536 /* Localizable.strings */; };
		10A378F3204B549800E0C536 /* SeparatorView.swift in Sources */ = {isa = PBXBuildFile; fileRef = 10A378F2204B549800E0C536 /* SeparatorView.swift */; };
		111ED988E54B3CE0FC35922B /* Pods_Auto_Stop_Race.framework in Frameworks */ = {isa = PBXBuildFile; fileRef = 3A56B20F1205FFFFD65D923F /* Pods_Auto_Stop_Race.framework */; };
		A70F31394243B1FE8EC8CF9C /* Pods_Auto_Stop_RaceUITests.framework in Frameworks */ = {isa = PBXBuildFile; fileRef = 12DA71DF16DEB8B3241A29E9 /* Pods_Auto_Stop_RaceUITests.framework */; };
		E2044EE81EA7C98A007B1C86 /* String.swift in Sources */ = {isa = PBXBuildFile; fileRef = E2044EE71EA7C98A007B1C86 /* String.swift */; };
		E21BBB5F1EA8B27B005D54FC /* UIImage.swift in Sources */ = {isa = PBXBuildFile; fileRef = E21BBB5E1EA8B27B005D54FC /* UIImage.swift */; };
		E244206D1E84B6A600556FDC /* UserLocationsViewController.swift in Sources */ = {isa = PBXBuildFile; fileRef = E244206C1E84B6A600556FDC /* UserLocationsViewController.swift */; };
		E24420711E84B82900556FDC /* UserLocationsViewModel.swift in Sources */ = {isa = PBXBuildFile; fileRef = E24420701E84B82900556FDC /* UserLocationsViewModel.swift */; };
		E24420731E84B86200556FDC /* UserLocationCell.swift in Sources */ = {isa = PBXBuildFile; fileRef = E24420721E84B86200556FDC /* UserLocationCell.swift */; };
		E24420751E84B99800556FDC /* UserLocationsCoordinator.swift in Sources */ = {isa = PBXBuildFile; fileRef = E24420741E84B99800556FDC /* UserLocationsCoordinator.swift */; };
		E24420771E84CE2700556FDC /* Toast.swift in Sources */ = {isa = PBXBuildFile; fileRef = E24420761E84CE2700556FDC /* Toast.swift */; };
		E244207B1E8518A600556FDC /* Keys.plist in Resources */ = {isa = PBXBuildFile; fileRef = E244207A1E8518A600556FDC /* Keys.plist */; };
		E244207E1E852A3B00556FDC /* PostNewLocationViewController.swift in Sources */ = {isa = PBXBuildFile; fileRef = E244207D1E852A3B00556FDC /* PostNewLocationViewController.swift */; };
		E24420811E852D0400556FDC /* PostNewLocationViewModel.swift in Sources */ = {isa = PBXBuildFile; fileRef = E24420801E852D0400556FDC /* PostNewLocationViewModel.swift */; };
		E24420831E852D5D00556FDC /* PostNewLocationCoordinator.swift in Sources */ = {isa = PBXBuildFile; fileRef = E24420821E852D5D00556FDC /* PostNewLocationCoordinator.swift */; };
		E24FFC451E5B174D00F7686F /* PhrasebookViewModel.swift in Sources */ = {isa = PBXBuildFile; fileRef = E24FFC441E5B174D00F7686F /* PhrasebookViewModel.swift */; };
		E25F73D81E56ADA7003DEB3C /* PartnersViewController.swift in Sources */ = {isa = PBXBuildFile; fileRef = E25F73D71E56ADA7003DEB3C /* PartnersViewController.swift */; };
		E2645F121E649430004C10F1 /* AuthService.swift in Sources */ = {isa = PBXBuildFile; fileRef = E2645F111E649430004C10F1 /* AuthService.swift */; };
		E2645F141E649923004C10F1 /* AsrApi.swift in Sources */ = {isa = PBXBuildFile; fileRef = E2645F131E649923004C10F1 /* AsrApi.swift */; };
		E271C2C61E56460D00CD4F15 /* DashboardCoordinator.swift in Sources */ = {isa = PBXBuildFile; fileRef = E271C2C51E56460C00CD4F15 /* DashboardCoordinator.swift */; };
		E271C2CE1E5660EC00CD4F15 /* DashboardViewModel.swift in Sources */ = {isa = PBXBuildFile; fileRef = E271C2CD1E5660EC00CD4F15 /* DashboardViewModel.swift */; };
		E27CB7A81E5867C3006B2396 /* LocationsViewController.swift in Sources */ = {isa = PBXBuildFile; fileRef = E27CB7A71E5867C3006B2396 /* LocationsViewController.swift */; };
		E27CB7AC1E5869AD006B2396 /* ContactViewController.swift in Sources */ = {isa = PBXBuildFile; fileRef = E27CB7AB1E5869AD006B2396 /* ContactViewController.swift */; };
		E27CB7AF1E586AAB006B2396 /* ContactCell.swift in Sources */ = {isa = PBXBuildFile; fileRef = E27CB7AE1E586AAB006B2396 /* ContactCell.swift */; };
		E27CB7B21E586B59006B2396 /* ContactViewModel.swift in Sources */ = {isa = PBXBuildFile; fileRef = E27CB7B11E586B59006B2396 /* ContactViewModel.swift */; };
		E28622901E5AECAA008938FC /* LoginViewModel.swift in Sources */ = {isa = PBXBuildFile; fileRef = E286228F1E5AECAA008938FC /* LoginViewModel.swift */; };
		E288730F1E95DFB20005237D /* ProgressHUD.swift in Sources */ = {isa = PBXBuildFile; fileRef = E288730E1E95DFB20005237D /* ProgressHUD.swift */; };
		E28873111E95F9910005237D /* ErrorResponse.swift in Sources */ = {isa = PBXBuildFile; fileRef = E28873101E95F9910005237D /* ErrorResponse.swift */; };
		E28873131E9717720005237D /* Team.swift in Sources */ = {isa = PBXBuildFile; fileRef = E28873121E9717720005237D /* Team.swift */; };
		E28C83581E93F52000878BEB /* LocationRecord.swift in Sources */ = {isa = PBXBuildFile; fileRef = E28C83571E93F52000878BEB /* LocationRecord.swift */; };
		E29293B91E8108D80083A1DD /* User.swift in Sources */ = {isa = PBXBuildFile; fileRef = E29293B81E8108D80083A1DD /* User.swift */; };
		E29293BC1E8223350083A1DD /* SettingsViewController.swift in Sources */ = {isa = PBXBuildFile; fileRef = E29293BB1E8223350083A1DD /* SettingsViewController.swift */; };
		E29CDC911E56876F00F59B4C /* MenuViewModel.swift in Sources */ = {isa = PBXBuildFile; fileRef = E29CDC901E56876F00F59B4C /* MenuViewModel.swift */; };
		E29F1BD91E8B106F006D8178 /* FormViewControllerWithBackButton.swift in Sources */ = {isa = PBXBuildFile; fileRef = E29F1BD81E8B106F006D8178 /* FormViewControllerWithBackButton.swift */; };
		E29F1BDF1E8B1D76006D8178 /* ImagePickerController.swift in Sources */ = {isa = PBXBuildFile; fileRef = E29F1BDE1E8B1D76006D8178 /* ImagePickerController.swift */; };
		E29F1BE11E8B1D8C006D8178 /* ImageRow.swift in Sources */ = {isa = PBXBuildFile; fileRef = E29F1BE01E8B1D8C006D8178 /* ImageRow.swift */; };
		E29F1BE31E8B2F44006D8178 /* CLLocationCoordinate2D.swift in Sources */ = {isa = PBXBuildFile; fileRef = E29F1BE21E8B2F44006D8178 /* CLLocationCoordinate2D.swift */; };
		E29F88991E5EFFC1008F1F46 /* LocationsCoordinator.swift in Sources */ = {isa = PBXBuildFile; fileRef = E29F88981E5EFFC1008F1F46 /* LocationsCoordinator.swift */; };
		E29F889C1E5F01A1008F1F46 /* LocationsViewModel.swift in Sources */ = {isa = PBXBuildFile; fileRef = E29F889B1E5F01A1008F1F46 /* LocationsViewModel.swift */; };
		E29F889E1E5F08AF008F1F46 /* Constants.swift in Sources */ = {isa = PBXBuildFile; fileRef = E29F889D1E5F08AF008F1F46 /* Constants.swift */; };
		E29F88A21E5F15F5008F1F46 /* Contact.swift in Sources */ = {isa = PBXBuildFile; fileRef = E29F88A11E5F15F5008F1F46 /* Contact.swift */; };
		E2A6AACC1E80E07E00E8118B /* UserDefaultsService.swift in Sources */ = {isa = PBXBuildFile; fileRef = E2A6AACB1E80E07E00E8118B /* UserDefaultsService.swift */; };
		E2C0613F1E5A67A90022D6F1 /* MenuCoordinator.swift in Sources */ = {isa = PBXBuildFile; fileRef = E2C0613E1E5A67A90022D6F1 /* MenuCoordinator.swift */; };
		E2C061441E5A99F50022D6F1 /* Menu.swift in Sources */ = {isa = PBXBuildFile; fileRef = E2C061431E5A99F50022D6F1 /* Menu.swift */; };
		E2C061491E5AB0BE0022D6F1 /* contact_data.csv in Resources */ = {isa = PBXBuildFile; fileRef = E2C061461E5AB0BE0022D6F1 /* contact_data.csv */; };
		E2C0614B1E5AB0BE0022D6F1 /* phrasebook.csv in Resources */ = {isa = PBXBuildFile; fileRef = E2C061481E5AB0BE0022D6F1 /* phrasebook.csv */; };
		E2C0614D1E5AB2920022D6F1 /* ContactCoordinator.swift in Sources */ = {isa = PBXBuildFile; fileRef = E2C0614C1E5AB2920022D6F1 /* ContactCoordinator.swift */; };
		E2C0E2051E8CD53A002511F5 /* CreateLocationRequest.swift in Sources */ = {isa = PBXBuildFile; fileRef = E2C0E2041E8CD53A002511F5 /* CreateLocationRequest.swift */; };
		E2C239CC1E594732003818FB /* UIViewControllerWithMenu.swift in Sources */ = {isa = PBXBuildFile; fileRef = E2C239CB1E594732003818FB /* UIViewControllerWithMenu.swift */; };
		E2C239CF1E594B53003818FB /* AboutViewController.swift in Sources */ = {isa = PBXBuildFile; fileRef = E2C239CE1E594B53003818FB /* AboutViewController.swift */; };
		E2C239D21E594D33003818FB /* LoginViewController.swift in Sources */ = {isa = PBXBuildFile; fileRef = E2C239D11E594D33003818FB /* LoginViewController.swift */; };
		E2C5EE8E1E971C4900BD5838 /* TeamLocationCell.swift in Sources */ = {isa = PBXBuildFile; fileRef = E2C5EE8D1E971C4900BD5838 /* TeamLocationCell.swift */; };
		E2C5EE901E971FD000BD5838 /* Date.swift in Sources */ = {isa = PBXBuildFile; fileRef = E2C5EE8F1E971FD000BD5838 /* Date.swift */; };
		E2C5EE991E9C0C5D00BD5838 /* RealmDatabaseService.swift in Sources */ = {isa = PBXBuildFile; fileRef = E2C5EE981E9C0C5D00BD5838 /* RealmDatabaseService.swift */; };
		E2C5EE9B1E9C1A8D00BD5838 /* LocationSyncService.swift in Sources */ = {isa = PBXBuildFile; fileRef = E2C5EE9A1E9C1A8D00BD5838 /* LocationSyncService.swift */; };
		E2D011401E5BE5920021936A /* PhraseCell.swift in Sources */ = {isa = PBXBuildFile; fileRef = E2D0113F1E5BE5920021936A /* PhraseCell.swift */; };
		E2D011421E5BE6680021936A /* Phrase.swift in Sources */ = {isa = PBXBuildFile; fileRef = E2D011411E5BE6680021936A /* Phrase.swift */; };
		E2D0114E1E5D94F00021936A /* ServiceProvider.swift in Sources */ = {isa = PBXBuildFile; fileRef = E2D0114D1E5D94F00021936A /* ServiceProvider.swift */; };
		E2D011501E5D95AB0021936A /* BaseService.swift in Sources */ = {isa = PBXBuildFile; fileRef = E2D0114F1E5D95AB0021936A /* BaseService.swift */; };
		E2D011521E5D95DD0021936A /* CsvService.swift in Sources */ = {isa = PBXBuildFile; fileRef = E2D011511E5D95DD0021936A /* CsvService.swift */; };
		E2D011541E5D9D810021936A /* PhraseViewModel.swift in Sources */ = {isa = PBXBuildFile; fileRef = E2D011531E5D9D810021936A /* PhraseViewModel.swift */; };
		E2D011571E5D9DC50021936A /* PhraseViewModelType.swift in Sources */ = {isa = PBXBuildFile; fileRef = E2D011561E5D9DC50021936A /* PhraseViewModelType.swift */; };
		E2D011591E5DA03E0021936A /* PhrasebookViewModelType.swift in Sources */ = {isa = PBXBuildFile; fileRef = E2D011581E5DA03E0021936A /* PhrasebookViewModelType.swift */; };
		E2D2EB3D1E5AEDF000C56A61 /* LoginViewCoordinator.swift in Sources */ = {isa = PBXBuildFile; fileRef = E2D2EB3C1E5AEDF000C56A61 /* LoginViewCoordinator.swift */; };
		E2D2EB3F1E5AF6B000C56A61 /* UIViewControllerWithBackButton.swift in Sources */ = {isa = PBXBuildFile; fileRef = E2D2EB3E1E5AF6B000C56A61 /* UIViewControllerWithBackButton.swift */; };
		E2D90C7D1E596CAA00435A9F /* PhrasebookViewController.swift in Sources */ = {isa = PBXBuildFile; fileRef = E2D90C7C1E596CAA00435A9F /* PhrasebookViewController.swift */; };
		E2D9A20F1E5530FC003324F7 /* AppDelegate.swift in Sources */ = {isa = PBXBuildFile; fileRef = E2D9A20E1E5530FC003324F7 /* AppDelegate.swift */; };
		E2D9A2191E5530FC003324F7 /* LaunchScreen.storyboard in Resources */ = {isa = PBXBuildFile; fileRef = E2D9A2171E5530FC003324F7 /* LaunchScreen.storyboard */; };
		E2D9A2241E5530FC003324F7 /* Auto_Stop_RaceTests.swift in Sources */ = {isa = PBXBuildFile; fileRef = E2D9A2231E5530FC003324F7 /* Auto_Stop_RaceTests.swift */; };
		E2D9A22F1E5530FC003324F7 /* Auto_Stop_RaceUITests.swift in Sources */ = {isa = PBXBuildFile; fileRef = E2D9A22E1E5530FC003324F7 /* Auto_Stop_RaceUITests.swift */; };
		E2D9A2421E5533EE003324F7 /* Coordinator.swift in Sources */ = {isa = PBXBuildFile; fileRef = E2D9A2411E5533EE003324F7 /* Coordinator.swift */; };
		E2D9A2441E5534DA003324F7 /* AppCoordinator.swift in Sources */ = {isa = PBXBuildFile; fileRef = E2D9A2431E5534DA003324F7 /* AppCoordinator.swift */; };
		E2D9A2481E55369E003324F7 /* DashboardViewController.swift in Sources */ = {isa = PBXBuildFile; fileRef = E2D9A2461E55369E003324F7 /* DashboardViewController.swift */; };
		E2D9A2531E55492D003324F7 /* MenuViewController.swift in Sources */ = {isa = PBXBuildFile; fileRef = E2D9A2511E55492D003324F7 /* MenuViewController.swift */; };
		E2D9A2571E555E6C003324F7 /* UIColor.swift in Sources */ = {isa = PBXBuildFile; fileRef = E2D9A2561E555E6C003324F7 /* UIColor.swift */; };
		E2D9A25A1E556FFA003324F7 /* MenuCell.swift in Sources */ = {isa = PBXBuildFile; fileRef = E2D9A2591E556FFA003324F7 /* MenuCell.swift */; };
		E2D9A25D1E557057003324F7 /* BaseUICollectionCell.swift in Sources */ = {isa = PBXBuildFile; fileRef = E2D9A25C1E557057003324F7 /* BaseUICollectionCell.swift */; };
		E2D9A25F1E55744E003324F7 /* UIView.swift in Sources */ = {isa = PBXBuildFile; fileRef = E2D9A25E1E55744E003324F7 /* UIView.swift */; };
		E2E0D88E1E57F9FF00844509 /* PartnerImageCell.swift in Sources */ = {isa = PBXBuildFile; fileRef = E2E0D88D1E57F9FF00844509 /* PartnerImageCell.swift */; };
		E2F1E3F41EA337C9005BDFC9 /* PartnerTextCell.swift in Sources */ = {isa = PBXBuildFile; fileRef = E2F1E3F31EA337C9005BDFC9 /* PartnerTextCell.swift */; };
		E2F1E3F61EA33892005BDFC9 /* Partner.swift in Sources */ = {isa = PBXBuildFile; fileRef = E2F1E3F51EA33892005BDFC9 /* Partner.swift */; };
		E3A155F8B565752D45F303DE /* Pods_Auto_Stop_RaceTests.framework in Frameworks */ = {isa = PBXBuildFile; fileRef = 1EB12920D258F3FF2EDA9C4B /* Pods_Auto_Stop_RaceTests.framework */; };
/* End PBXBuildFile section */

/* Begin PBXContainerItemProxy section */
		E2D9A2201E5530FC003324F7 /* PBXContainerItemProxy */ = {
			isa = PBXContainerItemProxy;
			containerPortal = E2D9A2031E5530FC003324F7 /* Project object */;
			proxyType = 1;
			remoteGlobalIDString = E2D9A20A1E5530FC003324F7;
			remoteInfo = "Auto Stop Race";
		};
		E2D9A22B1E5530FC003324F7 /* PBXContainerItemProxy */ = {
			isa = PBXContainerItemProxy;
			containerPortal = E2D9A2031E5530FC003324F7 /* Project object */;
			proxyType = 1;
			remoteGlobalIDString = E2D9A20A1E5530FC003324F7;
			remoteInfo = "Auto Stop Race";
		};
/* End PBXContainerItemProxy section */

/* Begin PBXFileReference section */
		107118DD20841E8300422C61 /* GoogleService-Info.plist */ = {isa = PBXFileReference; fileEncoding = 4; lastKnownFileType = text.plist.xml; path = "GoogleService-Info.plist"; sourceTree = "<group>"; };
		10732CF62083FBDD0024DE78 /* Auto Stop Race.entitlements */ = {isa = PBXFileReference; lastKnownFileType = text.plist.entitlements; path = "Auto Stop Race.entitlements"; sourceTree = "<group>"; };
		10732CF72084089A0024DE78 /* Partners.xcassets */ = {isa = PBXFileReference; lastKnownFileType = folder.assetcatalog; name = Partners.xcassets; path = "Auto Stop Race/Resources/Assets/Partners.xcassets"; sourceTree = "<group>"; };
		10A378E0204B2FD800E0C536 /* Theme.swift */ = {isa = PBXFileReference; lastKnownFileType = sourcecode.swift; path = Theme.swift; sourceTree = "<group>"; };
		10A378E4204B4BF000E0C536 /* Theme+UIButton.swift */ = {isa = PBXFileReference; lastKnownFileType = sourcecode.swift; path = "Theme+UIButton.swift"; sourceTree = "<group>"; };
		10A378EA204B540E00E0C536 /* Assets.xcassets */ = {isa = PBXFileReference; lastKnownFileType = folder.assetcatalog; name = Assets.xcassets; path = "Auto Stop Race/Resources/Assets/Assets.xcassets"; sourceTree = "<group>"; };
		10A378EF204B541800E0C536 /* Localizable.strings */ = {isa = PBXFileReference; fileEncoding = 4; lastKnownFileType = text.plist.strings; name = Localizable.strings; path = Resources/Locales/Localizable.strings; sourceTree = "<group>"; };
		10A378F2204B549800E0C536 /* SeparatorView.swift */ = {isa = PBXFileReference; lastKnownFileType = sourcecode.swift; path = SeparatorView.swift; sourceTree = "<group>"; };
		12DA71DF16DEB8B3241A29E9 /* Pods_Auto_Stop_RaceUITests.framework */ = {isa = PBXFileReference; explicitFileType = wrapper.framework; includeInIndex = 0; path = Pods_Auto_Stop_RaceUITests.framework; sourceTree = BUILT_PRODUCTS_DIR; };
		1EB12920D258F3FF2EDA9C4B /* Pods_Auto_Stop_RaceTests.framework */ = {isa = PBXFileReference; explicitFileType = wrapper.framework; includeInIndex = 0; path = Pods_Auto_Stop_RaceTests.framework; sourceTree = BUILT_PRODUCTS_DIR; };
		359411C22E8D92D7533C5146 /* Pods-Auto Stop RaceUITests.debug.xcconfig */ = {isa = PBXFileReference; includeInIndex = 1; lastKnownFileType = text.xcconfig; name = "Pods-Auto Stop RaceUITests.debug.xcconfig"; path = "Pods/Target Support Files/Pods-Auto Stop RaceUITests/Pods-Auto Stop RaceUITests.debug.xcconfig"; sourceTree = "<group>"; };
		3A56B20F1205FFFFD65D923F /* Pods_Auto_Stop_Race.framework */ = {isa = PBXFileReference; explicitFileType = wrapper.framework; includeInIndex = 0; path = Pods_Auto_Stop_Race.framework; sourceTree = BUILT_PRODUCTS_DIR; };
		5394DF5C03F8D067FA68BF04 /* Pods-Auto Stop RaceTests.release.xcconfig */ = {isa = PBXFileReference; includeInIndex = 1; lastKnownFileType = text.xcconfig; name = "Pods-Auto Stop RaceTests.release.xcconfig"; path = "Pods/Target Support Files/Pods-Auto Stop RaceTests/Pods-Auto Stop RaceTests.release.xcconfig"; sourceTree = "<group>"; };
		7CDFE1239CA122003A6BAEA5 /* Pods-Auto Stop Race.release.xcconfig */ = {isa = PBXFileReference; includeInIndex = 1; lastKnownFileType = text.xcconfig; name = "Pods-Auto Stop Race.release.xcconfig"; path = "Pods/Target Support Files/Pods-Auto Stop Race/Pods-Auto Stop Race.release.xcconfig"; sourceTree = "<group>"; };
		84EE36D1BC61F02C97AD3EBF /* Pods-Auto Stop RaceUITests.release.xcconfig */ = {isa = PBXFileReference; includeInIndex = 1; lastKnownFileType = text.xcconfig; name = "Pods-Auto Stop RaceUITests.release.xcconfig"; path = "Pods/Target Support Files/Pods-Auto Stop RaceUITests/Pods-Auto Stop RaceUITests.release.xcconfig"; sourceTree = "<group>"; };
		BF4779E46EFE8DFB4A1D4FAB /* Pods-Auto Stop RaceTests.debug.xcconfig */ = {isa = PBXFileReference; includeInIndex = 1; lastKnownFileType = text.xcconfig; name = "Pods-Auto Stop RaceTests.debug.xcconfig"; path = "Pods/Target Support Files/Pods-Auto Stop RaceTests/Pods-Auto Stop RaceTests.debug.xcconfig"; sourceTree = "<group>"; };
		E2044EE71EA7C98A007B1C86 /* String.swift */ = {isa = PBXFileReference; fileEncoding = 4; lastKnownFileType = sourcecode.swift; name = String.swift; path = Extension/String.swift; sourceTree = "<group>"; };
		E21BBB5E1EA8B27B005D54FC /* UIImage.swift */ = {isa = PBXFileReference; fileEncoding = 4; lastKnownFileType = sourcecode.swift; name = UIImage.swift; path = Extension/UIImage.swift; sourceTree = "<group>"; };
		E244206C1E84B6A600556FDC /* UserLocationsViewController.swift */ = {isa = PBXFileReference; fileEncoding = 4; lastKnownFileType = sourcecode.swift; name = UserLocationsViewController.swift; path = UserLocations/UserLocationsViewController.swift; sourceTree = "<group>"; };
		E24420701E84B82900556FDC /* UserLocationsViewModel.swift */ = {isa = PBXFileReference; fileEncoding = 4; lastKnownFileType = sourcecode.swift; name = UserLocationsViewModel.swift; path = UserLocations/ViewModel/UserLocationsViewModel.swift; sourceTree = "<group>"; };
		E24420721E84B86200556FDC /* UserLocationCell.swift */ = {isa = PBXFileReference; fileEncoding = 4; lastKnownFileType = sourcecode.swift; name = UserLocationCell.swift; path = UserLocations/Views/UserLocationCell.swift; sourceTree = "<group>"; };
		E24420741E84B99800556FDC /* UserLocationsCoordinator.swift */ = {isa = PBXFileReference; fileEncoding = 4; lastKnownFileType = sourcecode.swift; path = UserLocationsCoordinator.swift; sourceTree = "<group>"; };
		E24420761E84CE2700556FDC /* Toast.swift */ = {isa = PBXFileReference; fileEncoding = 4; lastKnownFileType = sourcecode.swift; name = Toast.swift; path = "Auto Stop Race/Views/Toast.swift"; sourceTree = SOURCE_ROOT; };
		E244207A1E8518A600556FDC /* Keys.plist */ = {isa = PBXFileReference; fileEncoding = 4; lastKnownFileType = text.plist.xml; name = Keys.plist; path = Config/Keys.plist; sourceTree = "<group>"; };
		E244207D1E852A3B00556FDC /* PostNewLocationViewController.swift */ = {isa = PBXFileReference; fileEncoding = 4; lastKnownFileType = sourcecode.swift; name = PostNewLocationViewController.swift; path = NewUserLocation/PostNewLocationViewController.swift; sourceTree = "<group>"; };
		E24420801E852D0400556FDC /* PostNewLocationViewModel.swift */ = {isa = PBXFileReference; fileEncoding = 4; lastKnownFileType = sourcecode.swift; name = PostNewLocationViewModel.swift; path = NewUserLocation/NewUserLocationViewModel/PostNewLocationViewModel.swift; sourceTree = "<group>"; };
		E24420821E852D5D00556FDC /* PostNewLocationCoordinator.swift */ = {isa = PBXFileReference; fileEncoding = 4; lastKnownFileType = sourcecode.swift; path = PostNewLocationCoordinator.swift; sourceTree = "<group>"; };
		E24FFC441E5B174D00F7686F /* PhrasebookViewModel.swift */ = {isa = PBXFileReference; fileEncoding = 4; lastKnownFileType = sourcecode.swift; name = PhrasebookViewModel.swift; path = Phrasebook/ViewModel/PhrasebookViewModel.swift; sourceTree = "<group>"; };
		E25F73D71E56ADA7003DEB3C /* PartnersViewController.swift */ = {isa = PBXFileReference; fileEncoding = 4; lastKnownFileType = sourcecode.swift; name = PartnersViewController.swift; path = Partners/PartnersViewController.swift; sourceTree = "<group>"; };
		E2645F111E649430004C10F1 /* AuthService.swift */ = {isa = PBXFileReference; fileEncoding = 4; lastKnownFileType = sourcecode.swift; name = AuthService.swift; path = Services/AuthService.swift; sourceTree = "<group>"; };
		E2645F131E649923004C10F1 /* AsrApi.swift */ = {isa = PBXFileReference; fileEncoding = 4; lastKnownFileType = sourcecode.swift; path = AsrApi.swift; sourceTree = "<group>"; };
		E271C2C51E56460C00CD4F15 /* DashboardCoordinator.swift */ = {isa = PBXFileReference; fileEncoding = 4; lastKnownFileType = sourcecode.swift; path = DashboardCoordinator.swift; sourceTree = "<group>"; };
		E271C2CD1E5660EC00CD4F15 /* DashboardViewModel.swift */ = {isa = PBXFileReference; fileEncoding = 4; lastKnownFileType = sourcecode.swift; name = DashboardViewModel.swift; path = ViewModels/DashboardViewModel.swift; sourceTree = "<group>"; };
		E27CB7A71E5867C3006B2396 /* LocationsViewController.swift */ = {isa = PBXFileReference; fileEncoding = 4; lastKnownFileType = sourcecode.swift; name = LocationsViewController.swift; path = Locations/LocationsViewController.swift; sourceTree = "<group>"; };
		E27CB7AB1E5869AD006B2396 /* ContactViewController.swift */ = {isa = PBXFileReference; fileEncoding = 4; lastKnownFileType = sourcecode.swift; name = ContactViewController.swift; path = Contact/ContactViewController.swift; sourceTree = "<group>"; };
		E27CB7AE1E586AAB006B2396 /* ContactCell.swift */ = {isa = PBXFileReference; fileEncoding = 4; lastKnownFileType = sourcecode.swift; name = ContactCell.swift; path = Contact/Views/ContactCell.swift; sourceTree = "<group>"; };
		E27CB7B11E586B59006B2396 /* ContactViewModel.swift */ = {isa = PBXFileReference; fileEncoding = 4; lastKnownFileType = sourcecode.swift; name = ContactViewModel.swift; path = Contact/ViewModel/ContactViewModel.swift; sourceTree = "<group>"; };
		E286228F1E5AECAA008938FC /* LoginViewModel.swift */ = {isa = PBXFileReference; fileEncoding = 4; lastKnownFileType = sourcecode.swift; name = LoginViewModel.swift; path = Login/ViewModel/LoginViewModel.swift; sourceTree = "<group>"; };
		E288730E1E95DFB20005237D /* ProgressHUD.swift */ = {isa = PBXFileReference; fileEncoding = 4; lastKnownFileType = sourcecode.swift; name = ProgressHUD.swift; path = "Auto Stop Race/Views/ProgressHUD.swift"; sourceTree = SOURCE_ROOT; };
		E28873101E95F9910005237D /* ErrorResponse.swift */ = {isa = PBXFileReference; fileEncoding = 4; lastKnownFileType = sourcecode.swift; path = ErrorResponse.swift; sourceTree = "<group>"; };
		E28873121E9717720005237D /* Team.swift */ = {isa = PBXFileReference; fileEncoding = 4; lastKnownFileType = sourcecode.swift; path = Team.swift; sourceTree = "<group>"; };
		E28C83571E93F52000878BEB /* LocationRecord.swift */ = {isa = PBXFileReference; fileEncoding = 4; lastKnownFileType = sourcecode.swift; path = LocationRecord.swift; sourceTree = "<group>"; };
		E29293B81E8108D80083A1DD /* User.swift */ = {isa = PBXFileReference; fileEncoding = 4; lastKnownFileType = sourcecode.swift; path = User.swift; sourceTree = "<group>"; };
		E29293BB1E8223350083A1DD /* SettingsViewController.swift */ = {isa = PBXFileReference; fileEncoding = 4; lastKnownFileType = sourcecode.swift; name = SettingsViewController.swift; path = Settings/SettingsViewController.swift; sourceTree = "<group>"; };
		E29CDC901E56876F00F59B4C /* MenuViewModel.swift */ = {isa = PBXFileReference; fileEncoding = 4; lastKnownFileType = sourcecode.swift; name = MenuViewModel.swift; path = Menu/ViewModel/MenuViewModel.swift; sourceTree = "<group>"; };
		E29F1BD81E8B106F006D8178 /* FormViewControllerWithBackButton.swift */ = {isa = PBXFileReference; fileEncoding = 4; lastKnownFileType = sourcecode.swift; name = FormViewControllerWithBackButton.swift; path = "Auto Stop Race/Views/FormViewControllerWithBackButton.swift"; sourceTree = SOURCE_ROOT; };
		E29F1BDE1E8B1D76006D8178 /* ImagePickerController.swift */ = {isa = PBXFileReference; fileEncoding = 4; lastKnownFileType = sourcecode.swift; name = ImagePickerController.swift; path = NewUserLocation/Views/ImageRow/ImagePickerController.swift; sourceTree = "<group>"; };
		E29F1BE01E8B1D8C006D8178 /* ImageRow.swift */ = {isa = PBXFileReference; fileEncoding = 4; lastKnownFileType = sourcecode.swift; name = ImageRow.swift; path = NewUserLocation/Views/ImageRow/ImageRow.swift; sourceTree = "<group>"; };
		E29F1BE21E8B2F44006D8178 /* CLLocationCoordinate2D.swift */ = {isa = PBXFileReference; fileEncoding = 4; lastKnownFileType = sourcecode.swift; name = CLLocationCoordinate2D.swift; path = Extension/CLLocationCoordinate2D.swift; sourceTree = "<group>"; };
		E29F88981E5EFFC1008F1F46 /* LocationsCoordinator.swift */ = {isa = PBXFileReference; fileEncoding = 4; lastKnownFileType = sourcecode.swift; path = LocationsCoordinator.swift; sourceTree = "<group>"; };
		E29F889B1E5F01A1008F1F46 /* LocationsViewModel.swift */ = {isa = PBXFileReference; fileEncoding = 4; lastKnownFileType = sourcecode.swift; name = LocationsViewModel.swift; path = Locations/ViewModel/LocationsViewModel.swift; sourceTree = "<group>"; };
		E29F889D1E5F08AF008F1F46 /* Constants.swift */ = {isa = PBXFileReference; fileEncoding = 4; lastKnownFileType = sourcecode.swift; name = Constants.swift; path = Config/Constants.swift; sourceTree = "<group>"; };
		E29F88A11E5F15F5008F1F46 /* Contact.swift */ = {isa = PBXFileReference; fileEncoding = 4; lastKnownFileType = sourcecode.swift; name = Contact.swift; path = Model/Contact.swift; sourceTree = "<group>"; };
		E2A6AACB1E80E07E00E8118B /* UserDefaultsService.swift */ = {isa = PBXFileReference; fileEncoding = 4; lastKnownFileType = sourcecode.swift; name = UserDefaultsService.swift; path = Services/UserDefaultsService.swift; sourceTree = "<group>"; };
		E2C0613E1E5A67A90022D6F1 /* MenuCoordinator.swift */ = {isa = PBXFileReference; fileEncoding = 4; lastKnownFileType = sourcecode.swift; path = MenuCoordinator.swift; sourceTree = "<group>"; };
		E2C061431E5A99F50022D6F1 /* Menu.swift */ = {isa = PBXFileReference; fileEncoding = 4; lastKnownFileType = sourcecode.swift; name = Menu.swift; path = Model/Menu.swift; sourceTree = "<group>"; };
		E2C061461E5AB0BE0022D6F1 /* contact_data.csv */ = {isa = PBXFileReference; fileEncoding = 4; lastKnownFileType = text; name = contact_data.csv; path = Assets/contact_data.csv; sourceTree = "<group>"; };
		E2C061481E5AB0BE0022D6F1 /* phrasebook.csv */ = {isa = PBXFileReference; fileEncoding = 4; lastKnownFileType = text; name = phrasebook.csv; path = Assets/phrasebook.csv; sourceTree = "<group>"; };
		E2C0614C1E5AB2920022D6F1 /* ContactCoordinator.swift */ = {isa = PBXFileReference; fileEncoding = 4; lastKnownFileType = sourcecode.swift; path = ContactCoordinator.swift; sourceTree = "<group>"; };
		E2C0E2041E8CD53A002511F5 /* CreateLocationRequest.swift */ = {isa = PBXFileReference; fileEncoding = 4; lastKnownFileType = sourcecode.swift; path = CreateLocationRequest.swift; sourceTree = "<group>"; };
		E2C239CB1E594732003818FB /* UIViewControllerWithMenu.swift */ = {isa = PBXFileReference; fileEncoding = 4; lastKnownFileType = sourcecode.swift; name = UIViewControllerWithMenu.swift; path = "Auto Stop Race/Views/UIViewControllerWithMenu.swift"; sourceTree = SOURCE_ROOT; };
		E2C239CE1E594B53003818FB /* AboutViewController.swift */ = {isa = PBXFileReference; fileEncoding = 4; lastKnownFileType = sourcecode.swift; name = AboutViewController.swift; path = About/AboutViewController.swift; sourceTree = "<group>"; };
		E2C239D11E594D33003818FB /* LoginViewController.swift */ = {isa = PBXFileReference; fileEncoding = 4; lastKnownFileType = sourcecode.swift; name = LoginViewController.swift; path = Login/LoginViewController.swift; sourceTree = "<group>"; };
		E2C5EE8D1E971C4900BD5838 /* TeamLocationCell.swift */ = {isa = PBXFileReference; fileEncoding = 4; lastKnownFileType = sourcecode.swift; name = TeamLocationCell.swift; path = Locations/Views/TeamLocationCell.swift; sourceTree = "<group>"; };
		E2C5EE8F1E971FD000BD5838 /* Date.swift */ = {isa = PBXFileReference; fileEncoding = 4; lastKnownFileType = sourcecode.swift; name = Date.swift; path = Extension/Date.swift; sourceTree = "<group>"; };
		E2C5EE981E9C0C5D00BD5838 /* RealmDatabaseService.swift */ = {isa = PBXFileReference; fileEncoding = 4; lastKnownFileType = sourcecode.swift; name = RealmDatabaseService.swift; path = Services/RealmDatabaseService.swift; sourceTree = "<group>"; };
		E2C5EE9A1E9C1A8D00BD5838 /* LocationSyncService.swift */ = {isa = PBXFileReference; fileEncoding = 4; lastKnownFileType = sourcecode.swift; name = LocationSyncService.swift; path = Services/LocationSyncService.swift; sourceTree = "<group>"; };
		E2D0113F1E5BE5920021936A /* PhraseCell.swift */ = {isa = PBXFileReference; fileEncoding = 4; lastKnownFileType = sourcecode.swift; name = PhraseCell.swift; path = Phrasebook/View/PhraseCell.swift; sourceTree = "<group>"; };
		E2D011411E5BE6680021936A /* Phrase.swift */ = {isa = PBXFileReference; fileEncoding = 4; lastKnownFileType = sourcecode.swift; name = Phrase.swift; path = Model/Phrase.swift; sourceTree = "<group>"; };
		E2D0114D1E5D94F00021936A /* ServiceProvider.swift */ = {isa = PBXFileReference; fileEncoding = 4; lastKnownFileType = sourcecode.swift; name = ServiceProvider.swift; path = Services/ServiceProvider.swift; sourceTree = "<group>"; };
		E2D0114F1E5D95AB0021936A /* BaseService.swift */ = {isa = PBXFileReference; fileEncoding = 4; lastKnownFileType = sourcecode.swift; name = BaseService.swift; path = Services/BaseService.swift; sourceTree = "<group>"; };
		E2D011511E5D95DD0021936A /* CsvService.swift */ = {isa = PBXFileReference; fileEncoding = 4; lastKnownFileType = sourcecode.swift; name = CsvService.swift; path = Services/CsvService.swift; sourceTree = "<group>"; };
		E2D011531E5D9D810021936A /* PhraseViewModel.swift */ = {isa = PBXFileReference; fileEncoding = 4; lastKnownFileType = sourcecode.swift; name = PhraseViewModel.swift; path = Phrasebook/ViewModel/PhraseViewModel.swift; sourceTree = "<group>"; };
		E2D011561E5D9DC50021936A /* PhraseViewModelType.swift */ = {isa = PBXFileReference; fileEncoding = 4; lastKnownFileType = sourcecode.swift; name = PhraseViewModelType.swift; path = Phrasebook/Protocols/PhraseViewModelType.swift; sourceTree = "<group>"; };
		E2D011581E5DA03E0021936A /* PhrasebookViewModelType.swift */ = {isa = PBXFileReference; fileEncoding = 4; lastKnownFileType = sourcecode.swift; name = PhrasebookViewModelType.swift; path = Phrasebook/Protocols/PhrasebookViewModelType.swift; sourceTree = "<group>"; };
		E2D2EB3C1E5AEDF000C56A61 /* LoginViewCoordinator.swift */ = {isa = PBXFileReference; fileEncoding = 4; lastKnownFileType = sourcecode.swift; path = LoginViewCoordinator.swift; sourceTree = "<group>"; };
		E2D2EB3E1E5AF6B000C56A61 /* UIViewControllerWithBackButton.swift */ = {isa = PBXFileReference; fileEncoding = 4; lastKnownFileType = sourcecode.swift; name = UIViewControllerWithBackButton.swift; path = "Auto Stop Race/Views/UIViewControllerWithBackButton.swift"; sourceTree = SOURCE_ROOT; };
		E2D90C7C1E596CAA00435A9F /* PhrasebookViewController.swift */ = {isa = PBXFileReference; fileEncoding = 4; lastKnownFileType = sourcecode.swift; name = PhrasebookViewController.swift; path = Phrasebook/PhrasebookViewController.swift; sourceTree = "<group>"; };
		E2D9A20B1E5530FC003324F7 /* Auto Stop Race.app */ = {isa = PBXFileReference; explicitFileType = wrapper.application; includeInIndex = 0; path = "Auto Stop Race.app"; sourceTree = BUILT_PRODUCTS_DIR; };
		E2D9A20E1E5530FC003324F7 /* AppDelegate.swift */ = {isa = PBXFileReference; lastKnownFileType = sourcecode.swift; path = AppDelegate.swift; sourceTree = "<group>"; };
		E2D9A2181E5530FC003324F7 /* Base */ = {isa = PBXFileReference; lastKnownFileType = file.storyboard; name = Base; path = Base.lproj/LaunchScreen.storyboard; sourceTree = "<group>"; };
		E2D9A21A1E5530FC003324F7 /* Info.plist */ = {isa = PBXFileReference; lastKnownFileType = text.plist.xml; path = Info.plist; sourceTree = "<group>"; };
		E2D9A21F1E5530FC003324F7 /* Auto Stop RaceTests.xctest */ = {isa = PBXFileReference; explicitFileType = wrapper.cfbundle; includeInIndex = 0; path = "Auto Stop RaceTests.xctest"; sourceTree = BUILT_PRODUCTS_DIR; };
		E2D9A2231E5530FC003324F7 /* Auto_Stop_RaceTests.swift */ = {isa = PBXFileReference; lastKnownFileType = sourcecode.swift; path = Auto_Stop_RaceTests.swift; sourceTree = "<group>"; };
		E2D9A2251E5530FC003324F7 /* Info.plist */ = {isa = PBXFileReference; lastKnownFileType = text.plist.xml; path = Info.plist; sourceTree = "<group>"; };
		E2D9A22A1E5530FC003324F7 /* Auto Stop RaceUITests.xctest */ = {isa = PBXFileReference; explicitFileType = wrapper.cfbundle; includeInIndex = 0; path = "Auto Stop RaceUITests.xctest"; sourceTree = BUILT_PRODUCTS_DIR; };
		E2D9A22E1E5530FC003324F7 /* Auto_Stop_RaceUITests.swift */ = {isa = PBXFileReference; lastKnownFileType = sourcecode.swift; path = Auto_Stop_RaceUITests.swift; sourceTree = "<group>"; };
		E2D9A2301E5530FC003324F7 /* Info.plist */ = {isa = PBXFileReference; lastKnownFileType = text.plist.xml; path = Info.plist; sourceTree = "<group>"; };
		E2D9A2411E5533EE003324F7 /* Coordinator.swift */ = {isa = PBXFileReference; fileEncoding = 4; lastKnownFileType = sourcecode.swift; path = Coordinator.swift; sourceTree = "<group>"; };
		E2D9A2431E5534DA003324F7 /* AppCoordinator.swift */ = {isa = PBXFileReference; fileEncoding = 4; lastKnownFileType = sourcecode.swift; path = AppCoordinator.swift; sourceTree = "<group>"; };
		E2D9A2461E55369E003324F7 /* DashboardViewController.swift */ = {isa = PBXFileReference; fileEncoding = 4; lastKnownFileType = sourcecode.swift; path = DashboardViewController.swift; sourceTree = "<group>"; };
		E2D9A2511E55492D003324F7 /* MenuViewController.swift */ = {isa = PBXFileReference; fileEncoding = 4; lastKnownFileType = sourcecode.swift; name = MenuViewController.swift; path = Menu/MenuViewController.swift; sourceTree = "<group>"; };
		E2D9A2561E555E6C003324F7 /* UIColor.swift */ = {isa = PBXFileReference; fileEncoding = 4; lastKnownFileType = sourcecode.swift; name = UIColor.swift; path = Extension/UIColor.swift; sourceTree = "<group>"; };
		E2D9A2591E556FFA003324F7 /* MenuCell.swift */ = {isa = PBXFileReference; fileEncoding = 4; lastKnownFileType = sourcecode.swift; name = MenuCell.swift; path = Menu/Views/MenuCell.swift; sourceTree = "<group>"; };
		E2D9A25C1E557057003324F7 /* BaseUICollectionCell.swift */ = {isa = PBXFileReference; fileEncoding = 4; lastKnownFileType = sourcecode.swift; name = BaseUICollectionCell.swift; path = "Auto Stop Race/Views/BaseUICollectionCell.swift"; sourceTree = SOURCE_ROOT; };
		E2D9A25E1E55744E003324F7 /* UIView.swift */ = {isa = PBXFileReference; fileEncoding = 4; lastKnownFileType = sourcecode.swift; name = UIView.swift; path = Extension/UIView.swift; sourceTree = "<group>"; };
		E2E0D88D1E57F9FF00844509 /* PartnerImageCell.swift */ = {isa = PBXFileReference; fileEncoding = 4; lastKnownFileType = sourcecode.swift; name = PartnerImageCell.swift; path = Partners/Views/PartnerImageCell.swift; sourceTree = "<group>"; };
		E2F1E3F31EA337C9005BDFC9 /* PartnerTextCell.swift */ = {isa = PBXFileReference; fileEncoding = 4; lastKnownFileType = sourcecode.swift; name = PartnerTextCell.swift; path = Partners/Views/PartnerTextCell.swift; sourceTree = "<group>"; };
		E2F1E3F51EA33892005BDFC9 /* Partner.swift */ = {isa = PBXFileReference; fileEncoding = 4; lastKnownFileType = sourcecode.swift; name = Partner.swift; path = Model/Partner.swift; sourceTree = "<group>"; };
		F065EDACB93F52CA37DA13F8 /* Pods-Auto Stop Race.debug.xcconfig */ = {isa = PBXFileReference; includeInIndex = 1; lastKnownFileType = text.xcconfig; name = "Pods-Auto Stop Race.debug.xcconfig"; path = "Pods/Target Support Files/Pods-Auto Stop Race/Pods-Auto Stop Race.debug.xcconfig"; sourceTree = "<group>"; };
/* End PBXFileReference section */

/* Begin PBXFrameworksBuildPhase section */
		E2D9A2081E5530FC003324F7 /* Frameworks */ = {
			isa = PBXFrameworksBuildPhase;
			buildActionMask = 2147483647;
			files = (
				111ED988E54B3CE0FC35922B /* Pods_Auto_Stop_Race.framework in Frameworks */,
			);
			runOnlyForDeploymentPostprocessing = 0;
		};
		E2D9A21C1E5530FC003324F7 /* Frameworks */ = {
			isa = PBXFrameworksBuildPhase;
			buildActionMask = 2147483647;
			files = (
				E3A155F8B565752D45F303DE /* Pods_Auto_Stop_RaceTests.framework in Frameworks */,
			);
			runOnlyForDeploymentPostprocessing = 0;
		};
		E2D9A2271E5530FC003324F7 /* Frameworks */ = {
			isa = PBXFrameworksBuildPhase;
			buildActionMask = 2147483647;
			files = (
				A70F31394243B1FE8EC8CF9C /* Pods_Auto_Stop_RaceUITests.framework in Frameworks */,
			);
			runOnlyForDeploymentPostprocessing = 0;
		};
/* End PBXFrameworksBuildPhase section */

/* Begin PBXGroup section */
		10A378DF204B2FA900E0C536 /* Theme */ = {
			isa = PBXGroup;
			children = (
				10A378E0204B2FD800E0C536 /* Theme.swift */,
				10A378E4204B4BF000E0C536 /* Theme+UIButton.swift */,
			);
			path = Theme;
			sourceTree = "<group>";
		};
		10A378E6204B53A200E0C536 /* Assets */ = {
			isa = PBXGroup;
			children = (
				10A378EA204B540E00E0C536 /* Assets.xcassets */,
				10732CF72084089A0024DE78 /* Partners.xcassets */,
			);
			name = Assets;
			path = ..;
			sourceTree = "<group>";
		};
		10A378F1204B546B00E0C536 /* SharedUIComponents */ = {
			isa = PBXGroup;
			children = (
				10A378F2204B549800E0C536 /* SeparatorView.swift */,
			);
			name = SharedUIComponents;
			sourceTree = "<group>";
		};
		6B17EC69FCC18E7DDD958899 /* Frameworks */ = {
			isa = PBXGroup;
			children = (
				3A56B20F1205FFFFD65D923F /* Pods_Auto_Stop_Race.framework */,
				1EB12920D258F3FF2EDA9C4B /* Pods_Auto_Stop_RaceTests.framework */,
				12DA71DF16DEB8B3241A29E9 /* Pods_Auto_Stop_RaceUITests.framework */,
			);
			name = Frameworks;
			sourceTree = "<group>";
		};
		E244206B1E84B58500556FDC /* UserLocations */ = {
			isa = PBXGroup;
			children = (
				E244206F1E84B7C600556FDC /* Views */,
				E244206E1E84B7C100556FDC /* ViewModel */,
				E244206C1E84B6A600556FDC /* UserLocationsViewController.swift */,
			);
			name = UserLocations;
			sourceTree = "<group>";
		};
		E244206E1E84B7C100556FDC /* ViewModel */ = {
			isa = PBXGroup;
			children = (
				E24420701E84B82900556FDC /* UserLocationsViewModel.swift */,
			);
			name = ViewModel;
			sourceTree = "<group>";
		};
		E244206F1E84B7C600556FDC /* Views */ = {
			isa = PBXGroup;
			children = (
				E24420721E84B86200556FDC /* UserLocationCell.swift */,
			);
			name = Views;
			sourceTree = "<group>";
		};
		E244207C1E8529D000556FDC /* NewUserLocation */ = {
			isa = PBXGroup;
			children = (
				E29F1BDC1E8B1D3C006D8178 /* Views */,
				E244207F1E852CDD00556FDC /* ViewModel */,
				E244207D1E852A3B00556FDC /* PostNewLocationViewController.swift */,
			);
			name = NewUserLocation;
			sourceTree = "<group>";
		};
		E244207F1E852CDD00556FDC /* ViewModel */ = {
			isa = PBXGroup;
			children = (
				E24420801E852D0400556FDC /* PostNewLocationViewModel.swift */,
			);
			name = ViewModel;
			sourceTree = "<group>";
		};
		E24FFC431E5B170D00F7686F /* ViewModel */ = {
			isa = PBXGroup;
			children = (
				E24FFC441E5B174D00F7686F /* PhrasebookViewModel.swift */,
				E2D011531E5D9D810021936A /* PhraseViewModel.swift */,
			);
			name = ViewModel;
			sourceTree = "<group>";
		};
		E25F73D61E56AD7E003DEB3C /* Partners */ = {
			isa = PBXGroup;
			children = (
				E2E0D88C1E57F9E300844509 /* Views */,
				E25F73D71E56ADA7003DEB3C /* PartnersViewController.swift */,
			);
			name = Partners;
			sourceTree = "<group>";
		};
		E271C2CC1E5660C800CD4F15 /* ViewModel */ = {
			isa = PBXGroup;
			children = (
				E271C2CD1E5660EC00CD4F15 /* DashboardViewModel.swift */,
			);
			name = ViewModel;
			sourceTree = "<group>";
		};
		E27CB7A61E5863A7006B2396 /* Locations */ = {
			isa = PBXGroup;
			children = (
				E2C5EE8C1E971C1100BD5838 /* Views */,
				E29F889A1E5F0178008F1F46 /* ViewModel */,
				E27CB7A71E5867C3006B2396 /* LocationsViewController.swift */,
			);
			name = Locations;
			sourceTree = "<group>";
		};
		E27CB7AA1E586993006B2396 /* Contact */ = {
			isa = PBXGroup;
			children = (
				E27CB7B01E586B38006B2396 /* ViewModel */,
				E27CB7AD1E586A91006B2396 /* Views */,
				E27CB7AB1E5869AD006B2396 /* ContactViewController.swift */,
			);
			name = Contact;
			sourceTree = "<group>";
		};
		E27CB7AD1E586A91006B2396 /* Views */ = {
			isa = PBXGroup;
			children = (
				E27CB7AE1E586AAB006B2396 /* ContactCell.swift */,
			);
			name = Views;
			sourceTree = "<group>";
		};
		E27CB7B01E586B38006B2396 /* ViewModel */ = {
			isa = PBXGroup;
			children = (
				E27CB7B11E586B59006B2396 /* ContactViewModel.swift */,
			);
			name = ViewModel;
			sourceTree = "<group>";
		};
		E286228E1E5AEC88008938FC /* ViewModel */ = {
			isa = PBXGroup;
			children = (
				E286228F1E5AECAA008938FC /* LoginViewModel.swift */,
			);
			name = ViewModel;
			sourceTree = "<group>";
		};
		E29293BA1E82229C0083A1DD /* Settings */ = {
			isa = PBXGroup;
			children = (
				E29293BB1E8223350083A1DD /* SettingsViewController.swift */,
			);
			name = Settings;
			sourceTree = "<group>";
		};
		E29CDC921E56877500F59B4C /* ViewModel */ = {
			isa = PBXGroup;
			children = (
				E29CDC901E56876F00F59B4C /* MenuViewModel.swift */,
			);
			name = ViewModel;
			sourceTree = "<group>";
		};
		E29F1BDC1E8B1D3C006D8178 /* Views */ = {
			isa = PBXGroup;
			children = (
				E29F1BDD1E8B1D48006D8178 /* ImageRow */,
			);
			name = Views;
			sourceTree = "<group>";
		};
		E29F1BDD1E8B1D48006D8178 /* ImageRow */ = {
			isa = PBXGroup;
			children = (
				E29F1BDE1E8B1D76006D8178 /* ImagePickerController.swift */,
				E29F1BE01E8B1D8C006D8178 /* ImageRow.swift */,
			);
			name = ImageRow;
			sourceTree = "<group>";
		};
		E29F889A1E5F0178008F1F46 /* ViewModel */ = {
			isa = PBXGroup;
			children = (
				E29F889B1E5F01A1008F1F46 /* LocationsViewModel.swift */,
			);
			name = ViewModel;
			sourceTree = "<group>";
		};
		E2C061401E5A992D0022D6F1 /* Model */ = {
			isa = PBXGroup;
			children = (
				E29F88A11E5F15F5008F1F46 /* Contact.swift */,
				E2C061431E5A99F50022D6F1 /* Menu.swift */,
				E2D011411E5BE6680021936A /* Phrase.swift */,
				E2F1E3F51EA33892005BDFC9 /* Partner.swift */,
			);
			name = Model;
			sourceTree = "<group>";
		};
		E2C061451E5AB08F0022D6F1 /* Assets */ = {
			isa = PBXGroup;
			children = (
				E2C061461E5AB0BE0022D6F1 /* contact_data.csv */,
				E2C061481E5AB0BE0022D6F1 /* phrasebook.csv */,
			);
			name = Assets;
			sourceTree = "<group>";
		};
		E2C239CD1E594B18003818FB /* About */ = {
			isa = PBXGroup;
			children = (
				E2C239CE1E594B53003818FB /* AboutViewController.swift */,
			);
			name = About;
			sourceTree = "<group>";
		};
		E2C239D01E594D1B003818FB /* Login */ = {
			isa = PBXGroup;
			children = (
				E286228E1E5AEC88008938FC /* ViewModel */,
				E2C239D11E594D33003818FB /* LoginViewController.swift */,
			);
			name = Login;
			sourceTree = "<group>";
		};
		E2C5EE8C1E971C1100BD5838 /* Views */ = {
			isa = PBXGroup;
			children = (
				E2C5EE8D1E971C4900BD5838 /* TeamLocationCell.swift */,
			);
			name = Views;
			sourceTree = "<group>";
		};
		E2D0113E1E5BE5710021936A /* View */ = {
			isa = PBXGroup;
			children = (
				E2D0113F1E5BE5920021936A /* PhraseCell.swift */,
			);
			name = View;
			sourceTree = "<group>";
		};
		E2D011491E5D80CF0021936A /* Services */ = {
			isa = PBXGroup;
			children = (
				E2D0114D1E5D94F00021936A /* ServiceProvider.swift */,
				E2D0114F1E5D95AB0021936A /* BaseService.swift */,
				E2D011511E5D95DD0021936A /* CsvService.swift */,
				E2645F111E649430004C10F1 /* AuthService.swift */,
				E2A6AACB1E80E07E00E8118B /* UserDefaultsService.swift */,
				E2C5EE981E9C0C5D00BD5838 /* RealmDatabaseService.swift */,
				E2C5EE9A1E9C1A8D00BD5838 /* LocationSyncService.swift */,
			);
			name = Services;
			sourceTree = "<group>";
		};
		E2D011551E5D9DA20021936A /* Protocols */ = {
			isa = PBXGroup;
			children = (
				E2D011561E5D9DC50021936A /* PhraseViewModelType.swift */,
				E2D011581E5DA03E0021936A /* PhrasebookViewModelType.swift */,
			);
			name = Protocols;
			sourceTree = "<group>";
		};
		E2D90C7B1E596C8C00435A9F /* Phrasebook */ = {
			isa = PBXGroup;
			children = (
				E2D011551E5D9DA20021936A /* Protocols */,
				E2D0113E1E5BE5710021936A /* View */,
				E24FFC431E5B170D00F7686F /* ViewModel */,
				E2D90C7C1E596CAA00435A9F /* PhrasebookViewController.swift */,
			);
			name = Phrasebook;
			sourceTree = "<group>";
		};
		E2D9A2021E5530FC003324F7 = {
			isa = PBXGroup;
			children = (
				E2D9A20D1E5530FC003324F7 /* Auto Stop Race */,
				E2D9A2221E5530FC003324F7 /* Auto Stop RaceTests */,
				E2D9A22D1E5530FC003324F7 /* Auto Stop RaceUITests */,
				E2D9A20C1E5530FC003324F7 /* Products */,
				F32572DC27A70B0837173BA7 /* Pods */,
				6B17EC69FCC18E7DDD958899 /* Frameworks */,
			);
			sourceTree = "<group>";
		};
		E2D9A20C1E5530FC003324F7 /* Products */ = {
			isa = PBXGroup;
			children = (
				E2D9A20B1E5530FC003324F7 /* Auto Stop Race.app */,
				E2D9A21F1E5530FC003324F7 /* Auto Stop RaceTests.xctest */,
				E2D9A22A1E5530FC003324F7 /* Auto Stop RaceUITests.xctest */,
			);
			name = Products;
			sourceTree = "<group>";
		};
		E2D9A20D1E5530FC003324F7 /* Auto Stop Race */ = {
			isa = PBXGroup;
			children = (
				10732CF62083FBDD0024DE78 /* Auto Stop Race.entitlements */,
				10A378F1204B546B00E0C536 /* SharedUIComponents */,
				10A378DF204B2FA900E0C536 /* Theme */,
				E2F1E3EC1EA332D0005BDFC9 /* Resources */,
				E2D011491E5D80CF0021936A /* Services */,
				E2C061451E5AB08F0022D6F1 /* Assets */,
				E2C061401E5A992D0022D6F1 /* Model */,
				E2D9A2551E555CBF003324F7 /* Extensions */,
				E2D9A24C1E553B58003324F7 /* Config */,
				E2D9A2401E553389003324F7 /* Coordinator */,
				E2D9A23D1E553381003324F7 /* Networking */,
				E2D9A23C1E55337A003324F7 /* ViewControllers */,
				E2D9A20E1E5530FC003324F7 /* AppDelegate.swift */,
				E2D9A2171E5530FC003324F7 /* LaunchScreen.storyboard */,
				E2D9A21A1E5530FC003324F7 /* Info.plist */,
			);
			path = "Auto Stop Race";
			sourceTree = "<group>";
		};
		E2D9A2221E5530FC003324F7 /* Auto Stop RaceTests */ = {
			isa = PBXGroup;
			children = (
				E2D9A2231E5530FC003324F7 /* Auto_Stop_RaceTests.swift */,
				E2D9A2251E5530FC003324F7 /* Info.plist */,
			);
			path = "Auto Stop RaceTests";
			sourceTree = "<group>";
		};
		E2D9A22D1E5530FC003324F7 /* Auto Stop RaceUITests */ = {
			isa = PBXGroup;
			children = (
				E2D9A22E1E5530FC003324F7 /* Auto_Stop_RaceUITests.swift */,
				E2D9A2301E5530FC003324F7 /* Info.plist */,
			);
			path = "Auto Stop RaceUITests";
			sourceTree = "<group>";
		};
		E2D9A23C1E55337A003324F7 /* ViewControllers */ = {
			isa = PBXGroup;
			children = (
				E2D9A2451E55365D003324F7 /* Dashboard */,
				E244207C1E8529D000556FDC /* NewUserLocation */,
				E244206B1E84B58500556FDC /* UserLocations */,
				E27CB7A61E5863A7006B2396 /* Locations */,
				E29293BA1E82229C0083A1DD /* Settings */,
				E2D90C7B1E596C8C00435A9F /* Phrasebook */,
				E2C239D01E594D1B003818FB /* Login */,
				E2C239CD1E594B18003818FB /* About */,
				E27CB7AA1E586993006B2396 /* Contact */,
				E25F73D61E56AD7E003DEB3C /* Partners */,
				E2D9A25B1E557042003324F7 /* BaseViews */,
				E2D9A2501E554915003324F7 /* Menu */,
			);
			path = ViewControllers;
			sourceTree = "<group>";
		};
		E2D9A23D1E553381003324F7 /* Networking */ = {
			isa = PBXGroup;
			children = (
				E2D9A23E1E553381003324F7 /* Endpoints */,
				E2D9A23F1E553381003324F7 /* Models */,
			);
			path = Networking;
			sourceTree = "<group>";
		};
		E2D9A23E1E553381003324F7 /* Endpoints */ = {
			isa = PBXGroup;
			children = (
				E2645F131E649923004C10F1 /* AsrApi.swift */,
			);
			path = Endpoints;
			sourceTree = "<group>";
		};
		E2D9A23F1E553381003324F7 /* Models */ = {
			isa = PBXGroup;
			children = (
				E29293B81E8108D80083A1DD /* User.swift */,
				E2C0E2041E8CD53A002511F5 /* CreateLocationRequest.swift */,
				E28C83571E93F52000878BEB /* LocationRecord.swift */,
				E28873101E95F9910005237D /* ErrorResponse.swift */,
				E28873121E9717720005237D /* Team.swift */,
			);
			path = Models;
			sourceTree = "<group>";
		};
		E2D9A2401E553389003324F7 /* Coordinator */ = {
			isa = PBXGroup;
			children = (
				E2D9A2411E5533EE003324F7 /* Coordinator.swift */,
				E2D9A2431E5534DA003324F7 /* AppCoordinator.swift */,
				E271C2C51E56460C00CD4F15 /* DashboardCoordinator.swift */,
				E2C0613E1E5A67A90022D6F1 /* MenuCoordinator.swift */,
				E2C0614C1E5AB2920022D6F1 /* ContactCoordinator.swift */,
				E2D2EB3C1E5AEDF000C56A61 /* LoginViewCoordinator.swift */,
				E29F88981E5EFFC1008F1F46 /* LocationsCoordinator.swift */,
				E24420741E84B99800556FDC /* UserLocationsCoordinator.swift */,
				E24420821E852D5D00556FDC /* PostNewLocationCoordinator.swift */,
			);
			path = Coordinator;
			sourceTree = "<group>";
		};
		E2D9A2451E55365D003324F7 /* Dashboard */ = {
			isa = PBXGroup;
			children = (
				E271C2CC1E5660C800CD4F15 /* ViewModel */,
				E2D9A2461E55369E003324F7 /* DashboardViewController.swift */,
			);
			path = Dashboard;
			sourceTree = "<group>";
		};
		E2D9A24C1E553B58003324F7 /* Config */ = {
			isa = PBXGroup;
			children = (
				107118DD20841E8300422C61 /* GoogleService-Info.plist */,
				E29F889D1E5F08AF008F1F46 /* Constants.swift */,
				E244207A1E8518A600556FDC /* Keys.plist */,
			);
			name = Config;
			sourceTree = "<group>";
		};
		E2D9A24D1E5542D9003324F7 /* Locales */ = {
			isa = PBXGroup;
			children = (
				10A378EF204B541800E0C536 /* Localizable.strings */,
			);
			name = Locales;
			sourceTree = "<group>";
		};
		E2D9A2501E554915003324F7 /* Menu */ = {
			isa = PBXGroup;
			children = (
				E29CDC921E56877500F59B4C /* ViewModel */,
				E2D9A2581E556FD7003324F7 /* Views */,
				E2D9A2511E55492D003324F7 /* MenuViewController.swift */,
			);
			name = Menu;
			sourceTree = "<group>";
		};
		E2D9A2551E555CBF003324F7 /* Extensions */ = {
			isa = PBXGroup;
			children = (
				E2D9A2561E555E6C003324F7 /* UIColor.swift */,
				E2D9A25E1E55744E003324F7 /* UIView.swift */,
				E29F1BE21E8B2F44006D8178 /* CLLocationCoordinate2D.swift */,
				E2C5EE8F1E971FD000BD5838 /* Date.swift */,
				E2044EE71EA7C98A007B1C86 /* String.swift */,
				E21BBB5E1EA8B27B005D54FC /* UIImage.swift */,
			);
			name = Extensions;
			sourceTree = "<group>";
		};
		E2D9A2581E556FD7003324F7 /* Views */ = {
			isa = PBXGroup;
			children = (
				E2D9A2591E556FFA003324F7 /* MenuCell.swift */,
			);
			name = Views;
			sourceTree = "<group>";
		};
		E2D9A25B1E557042003324F7 /* BaseViews */ = {
			isa = PBXGroup;
			children = (
				E2D9A25C1E557057003324F7 /* BaseUICollectionCell.swift */,
				E2C239CB1E594732003818FB /* UIViewControllerWithMenu.swift */,
				E2D2EB3E1E5AF6B000C56A61 /* UIViewControllerWithBackButton.swift */,
				E24420761E84CE2700556FDC /* Toast.swift */,
				E29F1BD81E8B106F006D8178 /* FormViewControllerWithBackButton.swift */,
				E288730E1E95DFB20005237D /* ProgressHUD.swift */,
			);
			name = BaseViews;
			sourceTree = "<group>";
		};
		E2E0D88C1E57F9E300844509 /* Views */ = {
			isa = PBXGroup;
			children = (
				E2E0D88D1E57F9FF00844509 /* PartnerImageCell.swift */,
				E2F1E3F31EA337C9005BDFC9 /* PartnerTextCell.swift */,
			);
			name = Views;
			sourceTree = "<group>";
		};
		E2F1E3EC1EA332D0005BDFC9 /* Resources */ = {
			isa = PBXGroup;
			children = (
				10A378E6204B53A200E0C536 /* Assets */,
				E2D9A24D1E5542D9003324F7 /* Locales */,
			);
			name = Resources;
			sourceTree = "<group>";
		};
		F32572DC27A70B0837173BA7 /* Pods */ = {
			isa = PBXGroup;
			children = (
				F065EDACB93F52CA37DA13F8 /* Pods-Auto Stop Race.debug.xcconfig */,
				7CDFE1239CA122003A6BAEA5 /* Pods-Auto Stop Race.release.xcconfig */,
				BF4779E46EFE8DFB4A1D4FAB /* Pods-Auto Stop RaceTests.debug.xcconfig */,
				5394DF5C03F8D067FA68BF04 /* Pods-Auto Stop RaceTests.release.xcconfig */,
				359411C22E8D92D7533C5146 /* Pods-Auto Stop RaceUITests.debug.xcconfig */,
				84EE36D1BC61F02C97AD3EBF /* Pods-Auto Stop RaceUITests.release.xcconfig */,
			);
			name = Pods;
			sourceTree = "<group>";
		};
/* End PBXGroup section */

/* Begin PBXNativeTarget section */
		E2D9A20A1E5530FC003324F7 /* Auto Stop Race */ = {
			isa = PBXNativeTarget;
			buildConfigurationList = E2D9A2331E5530FC003324F7 /* Build configuration list for PBXNativeTarget "Auto Stop Race" */;
			buildPhases = (
				330D9740FCCE0B5D3F7B4003 /* [CP] Check Pods Manifest.lock */,
				10A378DD204B265100E0C536 /* SwiftLint */,
				E2D9A2071E5530FC003324F7 /* Sources */,
				E2D9A2081E5530FC003324F7 /* Frameworks */,
				E2D9A2091E5530FC003324F7 /* Resources */,
				E2C5EE911E98099900BD5838 /* ShellScript */,
				AA4492BBA96F01031189FE90 /* [CP] Embed Pods Frameworks */,
				10E3AE3A458B2E9A8D2AA540 /* [CP] Copy Pods Resources */,
			);
			buildRules = (
			);
			dependencies = (
			);
			name = "Auto Stop Race";
			productName = "Auto Stop Race";
			productReference = E2D9A20B1E5530FC003324F7 /* Auto Stop Race.app */;
			productType = "com.apple.product-type.application";
		};
		E2D9A21E1E5530FC003324F7 /* Auto Stop RaceTests */ = {
			isa = PBXNativeTarget;
			buildConfigurationList = E2D9A2361E5530FC003324F7 /* Build configuration list for PBXNativeTarget "Auto Stop RaceTests" */;
			buildPhases = (
				49251087418635280DDB684A /* [CP] Check Pods Manifest.lock */,
				E2D9A21B1E5530FC003324F7 /* Sources */,
				E2D9A21C1E5530FC003324F7 /* Frameworks */,
				E2D9A21D1E5530FC003324F7 /* Resources */,
				9093976FCBD368793F3F2B0E /* [CP] Embed Pods Frameworks */,
				F75F7DA404BEC4BAEF9DC93F /* [CP] Copy Pods Resources */,
			);
			buildRules = (
			);
			dependencies = (
				E2D9A2211E5530FC003324F7 /* PBXTargetDependency */,
			);
			name = "Auto Stop RaceTests";
			productName = "Auto Stop RaceTests";
			productReference = E2D9A21F1E5530FC003324F7 /* Auto Stop RaceTests.xctest */;
			productType = "com.apple.product-type.bundle.unit-test";
		};
		E2D9A2291E5530FC003324F7 /* Auto Stop RaceUITests */ = {
			isa = PBXNativeTarget;
			buildConfigurationList = E2D9A2391E5530FC003324F7 /* Build configuration list for PBXNativeTarget "Auto Stop RaceUITests" */;
			buildPhases = (
				47D8BBA1ED536A61404173A4 /* [CP] Check Pods Manifest.lock */,
				E2D9A2261E5530FC003324F7 /* Sources */,
				E2D9A2271E5530FC003324F7 /* Frameworks */,
				E2D9A2281E5530FC003324F7 /* Resources */,
				D27D1D132B94A8214E576E5F /* [CP] Embed Pods Frameworks */,
				1C476FEC37A68EF2474808EC /* [CP] Copy Pods Resources */,
			);
			buildRules = (
			);
			dependencies = (
				E2D9A22C1E5530FC003324F7 /* PBXTargetDependency */,
			);
			name = "Auto Stop RaceUITests";
			productName = "Auto Stop RaceUITests";
			productReference = E2D9A22A1E5530FC003324F7 /* Auto Stop RaceUITests.xctest */;
			productType = "com.apple.product-type.bundle.ui-testing";
		};
/* End PBXNativeTarget section */

/* Begin PBXProject section */
		E2D9A2031E5530FC003324F7 /* Project object */ = {
			isa = PBXProject;
			attributes = {
				LastSwiftUpdateCheck = 0820;
				LastUpgradeCheck = 0930;
				ORGANIZATIONNAME = Torianin;
				TargetAttributes = {
					E2D9A20A1E5530FC003324F7 = {
						CreatedOnToolsVersion = 8.2.1;
						DevelopmentTeam = VCKS6267S9;
						ProvisioningStyle = Automatic;
						SystemCapabilities = {
							com.apple.Push = {
								enabled = 1;
							};
						};
					};
					E2D9A21E1E5530FC003324F7 = {
						CreatedOnToolsVersion = 8.2.1;
						DevelopmentTeam = PS6RWDDX97;
						LastSwiftMigration = 0920;
						ProvisioningStyle = Automatic;
						TestTargetID = E2D9A20A1E5530FC003324F7;
					};
					E2D9A2291E5530FC003324F7 = {
						CreatedOnToolsVersion = 8.2.1;
						DevelopmentTeam = PS6RWDDX97;
						LastSwiftMigration = 0920;
						ProvisioningStyle = Automatic;
						TestTargetID = E2D9A20A1E5530FC003324F7;
					};
				};
			};
			buildConfigurationList = E2D9A2061E5530FC003324F7 /* Build configuration list for PBXProject "Auto Stop Race" */;
			compatibilityVersion = "Xcode 3.2";
			developmentRegion = English;
			hasScannedForEncodings = 0;
			knownRegions = (
				en,
				Base,
			);
			mainGroup = E2D9A2021E5530FC003324F7;
			productRefGroup = E2D9A20C1E5530FC003324F7 /* Products */;
			projectDirPath = "";
			projectRoot = "";
			targets = (
				E2D9A20A1E5530FC003324F7 /* Auto Stop Race */,
				E2D9A21E1E5530FC003324F7 /* Auto Stop RaceTests */,
				E2D9A2291E5530FC003324F7 /* Auto Stop RaceUITests */,
			);
		};
/* End PBXProject section */

/* Begin PBXResourcesBuildPhase section */
		E2D9A2091E5530FC003324F7 /* Resources */ = {
			isa = PBXResourcesBuildPhase;
			buildActionMask = 2147483647;
			files = (
				E244207B1E8518A600556FDC /* Keys.plist in Resources */,
				107118DE20841E8400422C61 /* GoogleService-Info.plist in Resources */,
				10A378F0204B541800E0C536 /* Localizable.strings in Resources */,
				10732CF82084089A0024DE78 /* Partners.xcassets in Resources */,
				E2C061491E5AB0BE0022D6F1 /* contact_data.csv in Resources */,
				E2D9A2191E5530FC003324F7 /* LaunchScreen.storyboard in Resources */,
				10A378EE204B540E00E0C536 /* Assets.xcassets in Resources */,
				E2C0614B1E5AB0BE0022D6F1 /* phrasebook.csv in Resources */,
			);
			runOnlyForDeploymentPostprocessing = 0;
		};
		E2D9A21D1E5530FC003324F7 /* Resources */ = {
			isa = PBXResourcesBuildPhase;
			buildActionMask = 2147483647;
			files = (
			);
			runOnlyForDeploymentPostprocessing = 0;
		};
		E2D9A2281E5530FC003324F7 /* Resources */ = {
			isa = PBXResourcesBuildPhase;
			buildActionMask = 2147483647;
			files = (
			);
			runOnlyForDeploymentPostprocessing = 0;
		};
/* End PBXResourcesBuildPhase section */

/* Begin PBXShellScriptBuildPhase section */
		10A378DD204B265100E0C536 /* SwiftLint */ = {
			isa = PBXShellScriptBuildPhase;
			buildActionMask = 2147483647;
			files = (
			);
			inputPaths = (
			);
			name = SwiftLint;
			outputPaths = (
			);
			runOnlyForDeploymentPostprocessing = 0;
			shellPath = /bin/sh;
			shellScript = "if which swiftlint >/dev/null; then\n    swiftlint\nelse\n    echo \"warning: SwiftLint not installed, download from https://github.com/realm/SwiftLint\"\nfi";
		};
		10E3AE3A458B2E9A8D2AA540 /* [CP] Copy Pods Resources */ = {
			isa = PBXShellScriptBuildPhase;
			buildActionMask = 2147483647;
			files = (
			);
			inputPaths = (
				"${SRCROOT}/Pods/Target Support Files/Pods-Auto Stop Race/Pods-Auto Stop Race-resources.sh",
				"${PODS_ROOT}/GoogleMaps/Maps/Frameworks/GoogleMaps.framework/Resources/GoogleMaps.bundle",
			);
			name = "[CP] Copy Pods Resources";
			outputPaths = (
				"${TARGET_BUILD_DIR}/${UNLOCALIZED_RESOURCES_FOLDER_PATH}/GoogleMaps.bundle",
			);
			runOnlyForDeploymentPostprocessing = 0;
			shellPath = /bin/sh;
			shellScript = "\"${SRCROOT}/Pods/Target Support Files/Pods-Auto Stop Race/Pods-Auto Stop Race-resources.sh\"\n";
			showEnvVarsInLog = 0;
		};
		1C476FEC37A68EF2474808EC /* [CP] Copy Pods Resources */ = {
			isa = PBXShellScriptBuildPhase;
			buildActionMask = 2147483647;
			files = (
			);
			inputPaths = (
			);
			name = "[CP] Copy Pods Resources";
			outputPaths = (
			);
			runOnlyForDeploymentPostprocessing = 0;
			shellPath = /bin/sh;
			shellScript = "\"${SRCROOT}/Pods/Target Support Files/Pods-Auto Stop RaceUITests/Pods-Auto Stop RaceUITests-resources.sh\"\n";
			showEnvVarsInLog = 0;
		};
		330D9740FCCE0B5D3F7B4003 /* [CP] Check Pods Manifest.lock */ = {
			isa = PBXShellScriptBuildPhase;
			buildActionMask = 2147483647;
			files = (
			);
			inputPaths = (
				"${PODS_PODFILE_DIR_PATH}/Podfile.lock",
				"${PODS_ROOT}/Manifest.lock",
			);
			name = "[CP] Check Pods Manifest.lock";
			outputPaths = (
				"$(DERIVED_FILE_DIR)/Pods-Auto Stop Race-checkManifestLockResult.txt",
			);
			runOnlyForDeploymentPostprocessing = 0;
			shellPath = /bin/sh;
			shellScript = "diff \"${PODS_PODFILE_DIR_PATH}/Podfile.lock\" \"${PODS_ROOT}/Manifest.lock\" > /dev/null\nif [ $? != 0 ] ; then\n    # print error to STDERR\n    echo \"error: The sandbox is not in sync with the Podfile.lock. Run 'pod install' or update your CocoaPods installation.\" >&2\n    exit 1\nfi\n# This output is used by Xcode 'outputs' to avoid re-running this script phase.\necho \"SUCCESS\" > \"${SCRIPT_OUTPUT_FILE_0}\"\n";
			showEnvVarsInLog = 0;
		};
		47D8BBA1ED536A61404173A4 /* [CP] Check Pods Manifest.lock */ = {
			isa = PBXShellScriptBuildPhase;
			buildActionMask = 2147483647;
			files = (
			);
			inputPaths = (
				"${PODS_PODFILE_DIR_PATH}/Podfile.lock",
				"${PODS_ROOT}/Manifest.lock",
			);
			name = "[CP] Check Pods Manifest.lock";
			outputPaths = (
				"$(DERIVED_FILE_DIR)/Pods-Auto Stop RaceUITests-checkManifestLockResult.txt",
			);
			runOnlyForDeploymentPostprocessing = 0;
			shellPath = /bin/sh;
			shellScript = "diff \"${PODS_PODFILE_DIR_PATH}/Podfile.lock\" \"${PODS_ROOT}/Manifest.lock\" > /dev/null\nif [ $? != 0 ] ; then\n    # print error to STDERR\n    echo \"error: The sandbox is not in sync with the Podfile.lock. Run 'pod install' or update your CocoaPods installation.\" >&2\n    exit 1\nfi\n# This output is used by Xcode 'outputs' to avoid re-running this script phase.\necho \"SUCCESS\" > \"${SCRIPT_OUTPUT_FILE_0}\"\n";
			showEnvVarsInLog = 0;
		};
		49251087418635280DDB684A /* [CP] Check Pods Manifest.lock */ = {
			isa = PBXShellScriptBuildPhase;
			buildActionMask = 2147483647;
			files = (
			);
			inputPaths = (
				"${PODS_PODFILE_DIR_PATH}/Podfile.lock",
				"${PODS_ROOT}/Manifest.lock",
			);
			name = "[CP] Check Pods Manifest.lock";
			outputPaths = (
				"$(DERIVED_FILE_DIR)/Pods-Auto Stop RaceTests-checkManifestLockResult.txt",
			);
			runOnlyForDeploymentPostprocessing = 0;
			shellPath = /bin/sh;
			shellScript = "diff \"${PODS_PODFILE_DIR_PATH}/Podfile.lock\" \"${PODS_ROOT}/Manifest.lock\" > /dev/null\nif [ $? != 0 ] ; then\n    # print error to STDERR\n    echo \"error: The sandbox is not in sync with the Podfile.lock. Run 'pod install' or update your CocoaPods installation.\" >&2\n    exit 1\nfi\n# This output is used by Xcode 'outputs' to avoid re-running this script phase.\necho \"SUCCESS\" > \"${SCRIPT_OUTPUT_FILE_0}\"\n";
			showEnvVarsInLog = 0;
		};
		9093976FCBD368793F3F2B0E /* [CP] Embed Pods Frameworks */ = {
			isa = PBXShellScriptBuildPhase;
			buildActionMask = 2147483647;
			files = (
			);
			inputPaths = (
			);
			name = "[CP] Embed Pods Frameworks";
			outputPaths = (
			);
			runOnlyForDeploymentPostprocessing = 0;
			shellPath = /bin/sh;
			shellScript = "\"${SRCROOT}/Pods/Target Support Files/Pods-Auto Stop RaceTests/Pods-Auto Stop RaceTests-frameworks.sh\"\n";
			showEnvVarsInLog = 0;
		};
		AA4492BBA96F01031189FE90 /* [CP] Embed Pods Frameworks */ = {
			isa = PBXShellScriptBuildPhase;
			buildActionMask = 2147483647;
			files = (
			);
			inputPaths = (
				"${SRCROOT}/Pods/Target Support Files/Pods-Auto Stop Race/Pods-Auto Stop Race-frameworks.sh",
				"${BUILT_PRODUCTS_DIR}/Alamofire/Alamofire.framework",
				"${BUILT_PRODUCTS_DIR}/CSV.swift/CSV.framework",
				"${BUILT_PRODUCTS_DIR}/Eureka/Eureka.framework",
				"${BUILT_PRODUCTS_DIR}/GoogleToolboxForMac/GoogleToolboxForMac.framework",
				"${BUILT_PRODUCTS_DIR}/Moya/Moya.framework",
				"${BUILT_PRODUCTS_DIR}/Moya-ObjectMapper/Moya_ObjectMapper.framework",
				"${BUILT_PRODUCTS_DIR}/ObjectMapper/ObjectMapper.framework",
				"${BUILT_PRODUCTS_DIR}/ObjectMapper+Realm/ObjectMapper_Realm.framework",
				"${BUILT_PRODUCTS_DIR}/ReachabilitySwift/Reachability.framework",
				"${BUILT_PRODUCTS_DIR}/Realm/Realm.framework",
				"${BUILT_PRODUCTS_DIR}/RealmSwift/RealmSwift.framework",
				"${BUILT_PRODUCTS_DIR}/Result/Result.framework",
				"${BUILT_PRODUCTS_DIR}/RxCocoa/RxCocoa.framework",
				"${BUILT_PRODUCTS_DIR}/RxReachability/RxReachability.framework",
				"${BUILT_PRODUCTS_DIR}/RxSwift/RxSwift.framework",
				"${BUILT_PRODUCTS_DIR}/SKPhotoBrowser/SKPhotoBrowser.framework",
				"${BUILT_PRODUCTS_DIR}/SnapKit/SnapKit.framework",
				"${BUILT_PRODUCTS_DIR}/nanopb/nanopb.framework",
			);
			name = "[CP] Embed Pods Frameworks";
			outputPaths = (
				"${TARGET_BUILD_DIR}/${FRAMEWORKS_FOLDER_PATH}/Alamofire.framework",
				"${TARGET_BUILD_DIR}/${FRAMEWORKS_FOLDER_PATH}/CSV.framework",
				"${TARGET_BUILD_DIR}/${FRAMEWORKS_FOLDER_PATH}/Eureka.framework",
				"${TARGET_BUILD_DIR}/${FRAMEWORKS_FOLDER_PATH}/GoogleToolboxForMac.framework",
				"${TARGET_BUILD_DIR}/${FRAMEWORKS_FOLDER_PATH}/Moya.framework",
				"${TARGET_BUILD_DIR}/${FRAMEWORKS_FOLDER_PATH}/Moya_ObjectMapper.framework",
				"${TARGET_BUILD_DIR}/${FRAMEWORKS_FOLDER_PATH}/ObjectMapper.framework",
				"${TARGET_BUILD_DIR}/${FRAMEWORKS_FOLDER_PATH}/ObjectMapper_Realm.framework",
				"${TARGET_BUILD_DIR}/${FRAMEWORKS_FOLDER_PATH}/Reachability.framework",
				"${TARGET_BUILD_DIR}/${FRAMEWORKS_FOLDER_PATH}/Realm.framework",
				"${TARGET_BUILD_DIR}/${FRAMEWORKS_FOLDER_PATH}/RealmSwift.framework",
				"${TARGET_BUILD_DIR}/${FRAMEWORKS_FOLDER_PATH}/Result.framework",
				"${TARGET_BUILD_DIR}/${FRAMEWORKS_FOLDER_PATH}/RxCocoa.framework",
				"${TARGET_BUILD_DIR}/${FRAMEWORKS_FOLDER_PATH}/RxReachability.framework",
				"${TARGET_BUILD_DIR}/${FRAMEWORKS_FOLDER_PATH}/RxSwift.framework",
				"${TARGET_BUILD_DIR}/${FRAMEWORKS_FOLDER_PATH}/SKPhotoBrowser.framework",
				"${TARGET_BUILD_DIR}/${FRAMEWORKS_FOLDER_PATH}/SnapKit.framework",
				"${TARGET_BUILD_DIR}/${FRAMEWORKS_FOLDER_PATH}/nanopb.framework",
			);
			runOnlyForDeploymentPostprocessing = 0;
			shellPath = /bin/sh;
			shellScript = "\"${SRCROOT}/Pods/Target Support Files/Pods-Auto Stop Race/Pods-Auto Stop Race-frameworks.sh\"\n";
			showEnvVarsInLog = 0;
		};
		D27D1D132B94A8214E576E5F /* [CP] Embed Pods Frameworks */ = {
			isa = PBXShellScriptBuildPhase;
			buildActionMask = 2147483647;
			files = (
			);
			inputPaths = (
			);
			name = "[CP] Embed Pods Frameworks";
			outputPaths = (
			);
			runOnlyForDeploymentPostprocessing = 0;
			shellPath = /bin/sh;
			shellScript = "\"${SRCROOT}/Pods/Target Support Files/Pods-Auto Stop RaceUITests/Pods-Auto Stop RaceUITests-frameworks.sh\"\n";
			showEnvVarsInLog = 0;
		};
		E2C5EE911E98099900BD5838 /* ShellScript */ = {
			isa = PBXShellScriptBuildPhase;
			buildActionMask = 2147483647;
			files = (
			);
			inputPaths = (
			);
			outputPaths = (
			);
			runOnlyForDeploymentPostprocessing = 0;
			shellPath = /bin/sh;
			shellScript = "\"${SRCROOT}/Pods/Fabric/run\" 72e1e9fa3c05e7ff3346632bf926ed2a56077171 cbbe3bafde6322db14beb8c164febc3124db32e745699be0b940b828f1836854";
		};
		F75F7DA404BEC4BAEF9DC93F /* [CP] Copy Pods Resources */ = {
			isa = PBXShellScriptBuildPhase;
			buildActionMask = 2147483647;
			files = (
			);
			inputPaths = (
			);
			name = "[CP] Copy Pods Resources";
			outputPaths = (
			);
			runOnlyForDeploymentPostprocessing = 0;
			shellPath = /bin/sh;
			shellScript = "\"${SRCROOT}/Pods/Target Support Files/Pods-Auto Stop RaceTests/Pods-Auto Stop RaceTests-resources.sh\"\n";
			showEnvVarsInLog = 0;
		};
/* End PBXShellScriptBuildPhase section */

/* Begin PBXSourcesBuildPhase section */
		E2D9A2071E5530FC003324F7 /* Sources */ = {
			isa = PBXSourcesBuildPhase;
			buildActionMask = 2147483647;
			files = (
				E2C239CC1E594732003818FB /* UIViewControllerWithMenu.swift in Sources */,
				E2D011541E5D9D810021936A /* PhraseViewModel.swift in Sources */,
				E2C239CF1E594B53003818FB /* AboutViewController.swift in Sources */,
				E2C239D21E594D33003818FB /* LoginViewController.swift in Sources */,
				E27CB7AF1E586AAB006B2396 /* ContactCell.swift in Sources */,
				E29F88991E5EFFC1008F1F46 /* LocationsCoordinator.swift in Sources */,
				E2C5EE901E971FD000BD5838 /* Date.swift in Sources */,
				E28873111E95F9910005237D /* ErrorResponse.swift in Sources */,
				E2F1E3F41EA337C9005BDFC9 /* PartnerTextCell.swift in Sources */,
				E2D011521E5D95DD0021936A /* CsvService.swift in Sources */,
				E29F889E1E5F08AF008F1F46 /* Constants.swift in Sources */,
				E28C83581E93F52000878BEB /* LocationRecord.swift in Sources */,
				E24FFC451E5B174D00F7686F /* PhrasebookViewModel.swift in Sources */,
				E2D9A25A1E556FFA003324F7 /* MenuCell.swift in Sources */,
				E271C2C61E56460D00CD4F15 /* DashboardCoordinator.swift in Sources */,
				E2F1E3F61EA33892005BDFC9 /* Partner.swift in Sources */,
				E2C5EE9B1E9C1A8D00BD5838 /* LocationSyncService.swift in Sources */,
				E24420751E84B99800556FDC /* UserLocationsCoordinator.swift in Sources */,
				E2645F121E649430004C10F1 /* AuthService.swift in Sources */,
				E24420731E84B86200556FDC /* UserLocationCell.swift in Sources */,
				E2C0E2051E8CD53A002511F5 /* CreateLocationRequest.swift in Sources */,
				E2D011571E5D9DC50021936A /* PhraseViewModelType.swift in Sources */,
				E2D011501E5D95AB0021936A /* BaseService.swift in Sources */,
				E2D9A2441E5534DA003324F7 /* AppCoordinator.swift in Sources */,
				E288730F1E95DFB20005237D /* ProgressHUD.swift in Sources */,
				E27CB7AC1E5869AD006B2396 /* ContactViewController.swift in Sources */,
				E27CB7A81E5867C3006B2396 /* LocationsViewController.swift in Sources */,
				E29F1BE11E8B1D8C006D8178 /* ImageRow.swift in Sources */,
				E2D011421E5BE6680021936A /* Phrase.swift in Sources */,
				E2D011401E5BE5920021936A /* PhraseCell.swift in Sources */,
				10A378E1204B2FD800E0C536 /* Theme.swift in Sources */,
				E2D9A2571E555E6C003324F7 /* UIColor.swift in Sources */,
				E28873131E9717720005237D /* Team.swift in Sources */,
				E21BBB5F1EA8B27B005D54FC /* UIImage.swift in Sources */,
				E29F1BD91E8B106F006D8178 /* FormViewControllerWithBackButton.swift in Sources */,
				E2E0D88E1E57F9FF00844509 /* PartnerImageCell.swift in Sources */,
				E2C5EE991E9C0C5D00BD5838 /* RealmDatabaseService.swift in Sources */,
				E2C0613F1E5A67A90022D6F1 /* MenuCoordinator.swift in Sources */,
				E2D0114E1E5D94F00021936A /* ServiceProvider.swift in Sources */,
				E24420711E84B82900556FDC /* UserLocationsViewModel.swift in Sources */,
				E2D2EB3D1E5AEDF000C56A61 /* LoginViewCoordinator.swift in Sources */,
				E2044EE81EA7C98A007B1C86 /* String.swift in Sources */,
				E27CB7B21E586B59006B2396 /* ContactViewModel.swift in Sources */,
				E25F73D81E56ADA7003DEB3C /* PartnersViewController.swift in Sources */,
				E271C2CE1E5660EC00CD4F15 /* DashboardViewModel.swift in Sources */,
				E29F1BDF1E8B1D76006D8178 /* ImagePickerController.swift in Sources */,
				E244207E1E852A3B00556FDC /* PostNewLocationViewController.swift in Sources */,
				E29F88A21E5F15F5008F1F46 /* Contact.swift in Sources */,
				E29F1BE31E8B2F44006D8178 /* CLLocationCoordinate2D.swift in Sources */,
				E2645F141E649923004C10F1 /* AsrApi.swift in Sources */,
				E29293BC1E8223350083A1DD /* SettingsViewController.swift in Sources */,
				E2C061441E5A99F50022D6F1 /* Menu.swift in Sources */,
				E24420831E852D5D00556FDC /* PostNewLocationCoordinator.swift in Sources */,
				E2D9A2531E55492D003324F7 /* MenuViewController.swift in Sources */,
				10A378F3204B549800E0C536 /* SeparatorView.swift in Sources */,
				E2D9A25D1E557057003324F7 /* BaseUICollectionCell.swift in Sources */,
				E244206D1E84B6A600556FDC /* UserLocationsViewController.swift in Sources */,
				E24420811E852D0400556FDC /* PostNewLocationViewModel.swift in Sources */,
				E2D011591E5DA03E0021936A /* PhrasebookViewModelType.swift in Sources */,
				E2C0614D1E5AB2920022D6F1 /* ContactCoordinator.swift in Sources */,
				E29F889C1E5F01A1008F1F46 /* LocationsViewModel.swift in Sources */,
				E2C5EE8E1E971C4900BD5838 /* TeamLocationCell.swift in Sources */,
				E2D9A2421E5533EE003324F7 /* Coordinator.swift in Sources */,
				E24420771E84CE2700556FDC /* Toast.swift in Sources */,
				E28622901E5AECAA008938FC /* LoginViewModel.swift in Sources */,
				E2D2EB3F1E5AF6B000C56A61 /* UIViewControllerWithBackButton.swift in Sources */,
				E29293B91E8108D80083A1DD /* User.swift in Sources */,
				10A378E5204B4BF000E0C536 /* Theme+UIButton.swift in Sources */,
				E2A6AACC1E80E07E00E8118B /* UserDefaultsService.swift in Sources */,
				E2D9A20F1E5530FC003324F7 /* AppDelegate.swift in Sources */,
				E29CDC911E56876F00F59B4C /* MenuViewModel.swift in Sources */,
				E2D9A25F1E55744E003324F7 /* UIView.swift in Sources */,
				E2D90C7D1E596CAA00435A9F /* PhrasebookViewController.swift in Sources */,
				E2D9A2481E55369E003324F7 /* DashboardViewController.swift in Sources */,
			);
			runOnlyForDeploymentPostprocessing = 0;
		};
		E2D9A21B1E5530FC003324F7 /* Sources */ = {
			isa = PBXSourcesBuildPhase;
			buildActionMask = 2147483647;
			files = (
				E2D9A2241E5530FC003324F7 /* Auto_Stop_RaceTests.swift in Sources */,
			);
			runOnlyForDeploymentPostprocessing = 0;
		};
		E2D9A2261E5530FC003324F7 /* Sources */ = {
			isa = PBXSourcesBuildPhase;
			buildActionMask = 2147483647;
			files = (
				E2D9A22F1E5530FC003324F7 /* Auto_Stop_RaceUITests.swift in Sources */,
			);
			runOnlyForDeploymentPostprocessing = 0;
		};
/* End PBXSourcesBuildPhase section */

/* Begin PBXTargetDependency section */
		E2D9A2211E5530FC003324F7 /* PBXTargetDependency */ = {
			isa = PBXTargetDependency;
			target = E2D9A20A1E5530FC003324F7 /* Auto Stop Race */;
			targetProxy = E2D9A2201E5530FC003324F7 /* PBXContainerItemProxy */;
		};
		E2D9A22C1E5530FC003324F7 /* PBXTargetDependency */ = {
			isa = PBXTargetDependency;
			target = E2D9A20A1E5530FC003324F7 /* Auto Stop Race */;
			targetProxy = E2D9A22B1E5530FC003324F7 /* PBXContainerItemProxy */;
		};
/* End PBXTargetDependency section */

/* Begin PBXVariantGroup section */
		E2D9A2171E5530FC003324F7 /* LaunchScreen.storyboard */ = {
			isa = PBXVariantGroup;
			children = (
				E2D9A2181E5530FC003324F7 /* Base */,
			);
			name = LaunchScreen.storyboard;
			sourceTree = "<group>";
		};
/* End PBXVariantGroup section */

/* Begin XCBuildConfiguration section */
		E2D9A2311E5530FC003324F7 /* Debug */ = {
			isa = XCBuildConfiguration;
			buildSettings = {
				ALWAYS_SEARCH_USER_PATHS = NO;
				CLANG_ANALYZER_NONNULL = YES;
				CLANG_CXX_LANGUAGE_STANDARD = "gnu++0x";
				CLANG_CXX_LIBRARY = "libc++";
				CLANG_ENABLE_MODULES = YES;
				CLANG_ENABLE_OBJC_ARC = YES;
				CLANG_WARN_BLOCK_CAPTURE_AUTORELEASING = YES;
				CLANG_WARN_BOOL_CONVERSION = YES;
				CLANG_WARN_COMMA = YES;
				CLANG_WARN_CONSTANT_CONVERSION = YES;
				CLANG_WARN_DEPRECATED_OBJC_IMPLEMENTATIONS = YES;
				CLANG_WARN_DIRECT_OBJC_ISA_USAGE = YES_ERROR;
				CLANG_WARN_DOCUMENTATION_COMMENTS = YES;
				CLANG_WARN_EMPTY_BODY = YES;
				CLANG_WARN_ENUM_CONVERSION = YES;
				CLANG_WARN_INFINITE_RECURSION = YES;
				CLANG_WARN_INT_CONVERSION = YES;
				CLANG_WARN_NON_LITERAL_NULL_CONVERSION = YES;
				CLANG_WARN_OBJC_IMPLICIT_RETAIN_SELF = YES;
				CLANG_WARN_OBJC_LITERAL_CONVERSION = YES;
				CLANG_WARN_OBJC_ROOT_CLASS = YES_ERROR;
				CLANG_WARN_RANGE_LOOP_ANALYSIS = YES;
				CLANG_WARN_STRICT_PROTOTYPES = YES;
				CLANG_WARN_SUSPICIOUS_MOVE = YES;
				CLANG_WARN_UNREACHABLE_CODE = YES;
				CLANG_WARN__DUPLICATE_METHOD_MATCH = YES;
				"CODE_SIGN_IDENTITY[sdk=iphoneos*]" = "iPhone Developer";
				COPY_PHASE_STRIP = NO;
				DEBUG_INFORMATION_FORMAT = dwarf;
				ENABLE_STRICT_OBJC_MSGSEND = YES;
				ENABLE_TESTABILITY = YES;
				GCC_C_LANGUAGE_STANDARD = gnu99;
				GCC_DYNAMIC_NO_PIC = NO;
				GCC_NO_COMMON_BLOCKS = YES;
				GCC_OPTIMIZATION_LEVEL = 0;
				GCC_PREPROCESSOR_DEFINITIONS = (
					"DEBUG=1",
					"$(inherited)",
				);
				GCC_WARN_64_TO_32_BIT_CONVERSION = YES;
				GCC_WARN_ABOUT_RETURN_TYPE = YES_ERROR;
				GCC_WARN_UNDECLARED_SELECTOR = YES;
				GCC_WARN_UNINITIALIZED_AUTOS = YES_AGGRESSIVE;
				GCC_WARN_UNUSED_FUNCTION = YES;
				GCC_WARN_UNUSED_VARIABLE = YES;
				IPHONEOS_DEPLOYMENT_TARGET = 10.2;
				MTL_ENABLE_DEBUG_INFO = YES;
				ONLY_ACTIVE_ARCH = YES;
				SDKROOT = iphoneos;
				SWIFT_ACTIVE_COMPILATION_CONDITIONS = DEBUG;
				SWIFT_OPTIMIZATION_LEVEL = "-Onone";
				SWIFT_VERSION = 4.0;
			};
			name = Debug;
		};
		E2D9A2321E5530FC003324F7 /* Release */ = {
			isa = XCBuildConfiguration;
			buildSettings = {
				ALWAYS_SEARCH_USER_PATHS = NO;
				CLANG_ANALYZER_NONNULL = YES;
				CLANG_CXX_LANGUAGE_STANDARD = "gnu++0x";
				CLANG_CXX_LIBRARY = "libc++";
				CLANG_ENABLE_MODULES = YES;
				CLANG_ENABLE_OBJC_ARC = YES;
				CLANG_WARN_BLOCK_CAPTURE_AUTORELEASING = YES;
				CLANG_WARN_BOOL_CONVERSION = YES;
				CLANG_WARN_COMMA = YES;
				CLANG_WARN_CONSTANT_CONVERSION = YES;
				CLANG_WARN_DEPRECATED_OBJC_IMPLEMENTATIONS = YES;
				CLANG_WARN_DIRECT_OBJC_ISA_USAGE = YES_ERROR;
				CLANG_WARN_DOCUMENTATION_COMMENTS = YES;
				CLANG_WARN_EMPTY_BODY = YES;
				CLANG_WARN_ENUM_CONVERSION = YES;
				CLANG_WARN_INFINITE_RECURSION = YES;
				CLANG_WARN_INT_CONVERSION = YES;
				CLANG_WARN_NON_LITERAL_NULL_CONVERSION = YES;
				CLANG_WARN_OBJC_IMPLICIT_RETAIN_SELF = YES;
				CLANG_WARN_OBJC_LITERAL_CONVERSION = YES;
				CLANG_WARN_OBJC_ROOT_CLASS = YES_ERROR;
				CLANG_WARN_RANGE_LOOP_ANALYSIS = YES;
				CLANG_WARN_STRICT_PROTOTYPES = YES;
				CLANG_WARN_SUSPICIOUS_MOVE = YES;
				CLANG_WARN_UNREACHABLE_CODE = YES;
				CLANG_WARN__DUPLICATE_METHOD_MATCH = YES;
				"CODE_SIGN_IDENTITY[sdk=iphoneos*]" = "iPhone Developer";
				COPY_PHASE_STRIP = NO;
				DEBUG_INFORMATION_FORMAT = "dwarf-with-dsym";
				ENABLE_NS_ASSERTIONS = NO;
				ENABLE_STRICT_OBJC_MSGSEND = YES;
				GCC_C_LANGUAGE_STANDARD = gnu99;
				GCC_NO_COMMON_BLOCKS = YES;
				GCC_WARN_64_TO_32_BIT_CONVERSION = YES;
				GCC_WARN_ABOUT_RETURN_TYPE = YES_ERROR;
				GCC_WARN_UNDECLARED_SELECTOR = YES;
				GCC_WARN_UNINITIALIZED_AUTOS = YES_AGGRESSIVE;
				GCC_WARN_UNUSED_FUNCTION = YES;
				GCC_WARN_UNUSED_VARIABLE = YES;
				IPHONEOS_DEPLOYMENT_TARGET = 10.2;
				MTL_ENABLE_DEBUG_INFO = NO;
				SDKROOT = iphoneos;
				SWIFT_OPTIMIZATION_LEVEL = "-Owholemodule";
				SWIFT_VERSION = 4.0;
				VALIDATE_PRODUCT = YES;
			};
			name = Release;
		};
		E2D9A2341E5530FC003324F7 /* Debug */ = {
			isa = XCBuildConfiguration;
			baseConfigurationReference = F065EDACB93F52CA37DA13F8 /* Pods-Auto Stop Race.debug.xcconfig */;
			buildSettings = {
				ASSETCATALOG_COMPILER_APPICON_NAME = AppIcon;
				CODE_SIGN_ENTITLEMENTS = "Auto Stop Race/Auto Stop Race.entitlements";
				CODE_SIGN_IDENTITY = "iPhone Developer";
				"CODE_SIGN_IDENTITY[sdk=iphoneos*]" = "iPhone Developer";
				DEVELOPMENT_TEAM = VCKS6267S9;
				INFOPLIST_FILE = "Auto Stop Race/Info.plist";
				IPHONEOS_DEPLOYMENT_TARGET = 9.0;
				OTHER_SWIFT_FLAGS = "";
				PRODUCT_BUNDLE_IDENTIFIER = RIgnasiak.Torianin.AutoStopRace;
				PRODUCT_NAME = "$(TARGET_NAME)";
				SWIFT_VERSION = 4.0;
				TARGETED_DEVICE_FAMILY = 1;
			};
			name = Debug;
		};
		E2D9A2351E5530FC003324F7 /* Release */ = {
			isa = XCBuildConfiguration;
			baseConfigurationReference = 7CDFE1239CA122003A6BAEA5 /* Pods-Auto Stop Race.release.xcconfig */;
			buildSettings = {
				ASSETCATALOG_COMPILER_APPICON_NAME = AppIcon;
				CODE_SIGN_ENTITLEMENTS = "Auto Stop Race/Auto Stop Race.entitlements";
				CODE_SIGN_IDENTITY = "iPhone Developer";
				"CODE_SIGN_IDENTITY[sdk=iphoneos*]" = "iPhone Developer";
				DEVELOPMENT_TEAM = VCKS6267S9;
				INFOPLIST_FILE = "Auto Stop Race/Info.plist";
				IPHONEOS_DEPLOYMENT_TARGET = 9.0;
				OTHER_SWIFT_FLAGS = "";
				PRODUCT_BUNDLE_IDENTIFIER = RIgnasiak.Torianin.AutoStopRace;
				PRODUCT_NAME = "$(TARGET_NAME)";
				SWIFT_VERSION = 4.0;
				TARGETED_DEVICE_FAMILY = 1;
			};
			name = Release;
		};
		E2D9A2371E5530FC003324F7 /* Debug */ = {
			isa = XCBuildConfiguration;
			baseConfigurationReference = BF4779E46EFE8DFB4A1D4FAB /* Pods-Auto Stop RaceTests.debug.xcconfig */;
			buildSettings = {
				ALWAYS_EMBED_SWIFT_STANDARD_LIBRARIES = YES;
				BUNDLE_LOADER = "$(TEST_HOST)";
				DEVELOPMENT_TEAM = PS6RWDDX97;
				FRAMEWORK_SEARCH_PATHS = (
					"$(inherited)",
					"$(PROJECT_DIR)/Rome",
				);
				INFOPLIST_FILE = "Auto Stop RaceTests/Info.plist";
				LD_RUNPATH_SEARCH_PATHS = "$(inherited) @executable_path/Frameworks @loader_path/Frameworks";
				LIBRARY_SEARCH_PATHS = "$(inherited)";
				PRODUCT_BUNDLE_IDENTIFIER = "Torianin.Auto-Stop-RaceTests";
				PRODUCT_NAME = "$(TARGET_NAME)";
				SWIFT_SWIFT3_OBJC_INFERENCE = On;
				SWIFT_VERSION = 4.0;
				TEST_HOST = "$(BUILT_PRODUCTS_DIR)/Auto Stop Race.app/Auto Stop Race";
			};
			name = Debug;
		};
		E2D9A2381E5530FC003324F7 /* Release */ = {
			isa = XCBuildConfiguration;
			baseConfigurationReference = 5394DF5C03F8D067FA68BF04 /* Pods-Auto Stop RaceTests.release.xcconfig */;
			buildSettings = {
				ALWAYS_EMBED_SWIFT_STANDARD_LIBRARIES = YES;
				BUNDLE_LOADER = "$(TEST_HOST)";
				DEVELOPMENT_TEAM = PS6RWDDX97;
				FRAMEWORK_SEARCH_PATHS = (
					"$(inherited)",
					"$(PROJECT_DIR)/Rome",
				);
				INFOPLIST_FILE = "Auto Stop RaceTests/Info.plist";
				LD_RUNPATH_SEARCH_PATHS = "$(inherited) @executable_path/Frameworks @loader_path/Frameworks";
				LIBRARY_SEARCH_PATHS = "$(inherited)";
				PRODUCT_BUNDLE_IDENTIFIER = "Torianin.Auto-Stop-RaceTests";
				PRODUCT_NAME = "$(TARGET_NAME)";
				SWIFT_SWIFT3_OBJC_INFERENCE = On;
				SWIFT_VERSION = 4.0;
				TEST_HOST = "$(BUILT_PRODUCTS_DIR)/Auto Stop Race.app/Auto Stop Race";
			};
			name = Release;
		};
		E2D9A23A1E5530FC003324F7 /* Debug */ = {
			isa = XCBuildConfiguration;
			baseConfigurationReference = 359411C22E8D92D7533C5146 /* Pods-Auto Stop RaceUITests.debug.xcconfig */;
			buildSettings = {
				ALWAYS_EMBED_SWIFT_STANDARD_LIBRARIES = YES;
				DEVELOPMENT_TEAM = PS6RWDDX97;
				FRAMEWORK_SEARCH_PATHS = (
					"$(inherited)",
					"$(PROJECT_DIR)/Rome",
				);
				INFOPLIST_FILE = "Auto Stop RaceUITests/Info.plist";
				LD_RUNPATH_SEARCH_PATHS = "$(inherited) @executable_path/Frameworks @loader_path/Frameworks";
				LIBRARY_SEARCH_PATHS = "$(inherited)";
				PRODUCT_BUNDLE_IDENTIFIER = "Torianin.Auto-Stop-RaceUITests";
				PRODUCT_NAME = "$(TARGET_NAME)";
				SWIFT_SWIFT3_OBJC_INFERENCE = On;
				SWIFT_VERSION = 4.0;
				TEST_TARGET_NAME = "Auto Stop Race";
			};
			name = Debug;
		};
		E2D9A23B1E5530FC003324F7 /* Release */ = {
			isa = XCBuildConfiguration;
			baseConfigurationReference = 84EE36D1BC61F02C97AD3EBF /* Pods-Auto Stop RaceUITests.release.xcconfig */;
			buildSettings = {
				ALWAYS_EMBED_SWIFT_STANDARD_LIBRARIES = YES;
				DEVELOPMENT_TEAM = PS6RWDDX97;
				FRAMEWORK_SEARCH_PATHS = (
					"$(inherited)",
					"$(PROJECT_DIR)/Rome",
				);
				INFOPLIST_FILE = "Auto Stop RaceUITests/Info.plist";
				LD_RUNPATH_SEARCH_PATHS = "$(inherited) @executable_path/Frameworks @loader_path/Frameworks";
				LIBRARY_SEARCH_PATHS = "$(inherited)";
				PRODUCT_BUNDLE_IDENTIFIER = "Torianin.Auto-Stop-RaceUITests";
				PRODUCT_NAME = "$(TARGET_NAME)";
				SWIFT_SWIFT3_OBJC_INFERENCE = On;
				SWIFT_VERSION = 4.0;
				TEST_TARGET_NAME = "Auto Stop Race";
			};
			name = Release;
		};
/* End XCBuildConfiguration section */

/* Begin XCConfigurationList section */
		E2D9A2061E5530FC003324F7 /* Build configuration list for PBXProject "Auto Stop Race" */ = {
			isa = XCConfigurationList;
			buildConfigurations = (
				E2D9A2311E5530FC003324F7 /* Debug */,
				E2D9A2321E5530FC003324F7 /* Release */,
			);
			defaultConfigurationIsVisible = 0;
			defaultConfigurationName = Release;
		};
		E2D9A2331E5530FC003324F7 /* Build configuration list for PBXNativeTarget "Auto Stop Race" */ = {
			isa = XCConfigurationList;
			buildConfigurations = (
				E2D9A2341E5530FC003324F7 /* Debug */,
				E2D9A2351E5530FC003324F7 /* Release */,
			);
			defaultConfigurationIsVisible = 0;
			defaultConfigurationName = Release;
		};
		E2D9A2361E5530FC003324F7 /* Build configuration list for PBXNativeTarget "Auto Stop RaceTests" */ = {
			isa = XCConfigurationList;
			buildConfigurations = (
				E2D9A2371E5530FC003324F7 /* Debug */,
				E2D9A2381E5530FC003324F7 /* Release */,
			);
			defaultConfigurationIsVisible = 0;
			defaultConfigurationName = Release;
		};
		E2D9A2391E5530FC003324F7 /* Build configuration list for PBXNativeTarget "Auto Stop RaceUITests" */ = {
			isa = XCConfigurationList;
			buildConfigurations = (
				E2D9A23A1E5530FC003324F7 /* Debug */,
				E2D9A23B1E5530FC003324F7 /* Release */,
			);
			defaultConfigurationIsVisible = 0;
			defaultConfigurationName = Release;
		};
/* End XCConfigurationList section */
	};
	rootObject = E2D9A2031E5530FC003324F7 /* Project object */;
}
